// !$*UTF8*$!
{
	archiveVersion = 1;
	classes = {
	};
	objectVersion = 55;
	objects = {

/* Begin PBXBuildFile section */
		5A0306DB2B7ADB32000D979A /* LoginView.swift in Sources */ = {isa = PBXBuildFile; fileRef = 5A0306DA2B7ADB32000D979A /* LoginView.swift */; };
		5A0306DD2B7ADD45000D979A /* InputView.swift in Sources */ = {isa = PBXBuildFile; fileRef = 5A0306DC2B7ADD45000D979A /* InputView.swift */; };
		5A0306E02B7AE052000D979A /* WelcomeView.swift in Sources */ = {isa = PBXBuildFile; fileRef = 5A0306DF2B7AE052000D979A /* WelcomeView.swift */; };
		5A0306E22B7AE066000D979A /* SignupView.swift in Sources */ = {isa = PBXBuildFile; fileRef = 5A0306E12B7AE066000D979A /* SignupView.swift */; };
		5A0306E52B7AF303000D979A /* BudgetSelectView.swift in Sources */ = {isa = PBXBuildFile; fileRef = 5A0306E42B7AF302000D979A /* BudgetSelectView.swift */; };
		5A0306E72B7AF321000D979A /* BreakfastSelectView.swift in Sources */ = {isa = PBXBuildFile; fileRef = 5A0306E62B7AF321000D979A /* BreakfastSelectView.swift */; };
		5A0306E92B7AF334000D979A /* LunchSelectView.swift in Sources */ = {isa = PBXBuildFile; fileRef = 5A0306E82B7AF334000D979A /* LunchSelectView.swift */; };
		5A0306EB2B7AF33E000D979A /* DinnerSelectView.swift in Sources */ = {isa = PBXBuildFile; fileRef = 5A0306EA2B7AF33E000D979A /* DinnerSelectView.swift */; };
		5A0306F12B7AF3D6000D979A /* MyMealsView.swift in Sources */ = {isa = PBXBuildFile; fileRef = 5A0306F02B7AF3D6000D979A /* MyMealsView.swift */; };
		5A0306F42B7B071C000D979A /* SelectBudgetButton.swift in Sources */ = {isa = PBXBuildFile; fileRef = 5A0306F32B7B071C000D979A /* SelectBudgetButton.swift */; };
		5A0306F62B7B157F000D979A /* SelectPreferenceButton.swift in Sources */ = {isa = PBXBuildFile; fileRef = 5A0306F52B7B157F000D979A /* SelectPreferenceButton.swift */; };
		5A0306F82B7B179D000D979A /* imageButton.swift in Sources */ = {isa = PBXBuildFile; fileRef = 5A0306F72B7B179D000D979A /* imageButton.swift */; };
		5A0306FA2B7B1E9B000D979A /* MealSelectionViewModel.swift in Sources */ = {isa = PBXBuildFile; fileRef = 5A0306F92B7B1E9B000D979A /* MealSelectionViewModel.swift */; };
		5A0306FC2B7C358A000D979A /* MyAccountButton.swift in Sources */ = {isa = PBXBuildFile; fileRef = 5A0306FB2B7C358A000D979A /* MyAccountButton.swift */; };
		5A0306FE2B7C367E000D979A /* MyAccountView.swift in Sources */ = {isa = PBXBuildFile; fileRef = 5A0306FD2B7C367E000D979A /* MyAccountView.swift */; };
		5A0307032B7C55D2000D979A /* CustomTabView.swift in Sources */ = {isa = PBXBuildFile; fileRef = 5A0307022B7C55D2000D979A /* CustomTabView.swift */; };
		5A0307052B7C8789000D979A /* GroceryListView.swift in Sources */ = {isa = PBXBuildFile; fileRef = 5A0307042B7C8789000D979A /* GroceryListView.swift */; };
		5A0307072B7C87E0000D979A /* MyBudgetView.swift in Sources */ = {isa = PBXBuildFile; fileRef = 5A0307062B7C87E0000D979A /* MyBudgetView.swift */; };
		5A03070B2B7C87FF000D979A /* ExploreView.swift in Sources */ = {isa = PBXBuildFile; fileRef = 5A03070A2B7C87FF000D979A /* ExploreView.swift */; };
		5A4452DF2BA9220E00F2BCD5 /* HeaderView.swift in Sources */ = {isa = PBXBuildFile; fileRef = 5A4452DE2BA9220E00F2BCD5 /* HeaderView.swift */; };
		5A4452E52BA936DE00F2BCD5 /* CalendarDayView.swift in Sources */ = {isa = PBXBuildFile; fileRef = 5A4452E42BA936DE00F2BCD5 /* CalendarDayView.swift */; };
		5A6D71672BA3EA7D00442BF1 /* SignupViewModel.swift in Sources */ = {isa = PBXBuildFile; fileRef = 5A6D71662BA3EA7D00442BF1 /* SignupViewModel.swift */; };
		5A6D71692BA3EC3A00442BF1 /* CreateAccountView.swift in Sources */ = {isa = PBXBuildFile; fileRef = 5A6D71682BA3EC3A00442BF1 /* CreateAccountView.swift */; };
		5A6D716B2BA3EE3D00442BF1 /* EntryFieldView.swift in Sources */ = {isa = PBXBuildFile; fileRef = 5A6D716A2BA3EE3D00442BF1 /* EntryFieldView.swift */; };
		5A93793B2B76E09E004A84EB /* Meal_Budget_PlannerApp.swift in Sources */ = {isa = PBXBuildFile; fileRef = 5A93793A2B76E09E004A84EB /* Meal_Budget_PlannerApp.swift */; };
		5A93793D2B76E09E004A84EB /* ContentView.swift in Sources */ = {isa = PBXBuildFile; fileRef = 5A93793C2B76E09E004A84EB /* ContentView.swift */; };
		5A93793F2B76E0A1004A84EB /* Assets.xcassets in Resources */ = {isa = PBXBuildFile; fileRef = 5A93793E2B76E0A1004A84EB /* Assets.xcassets */; };
		5A9379422B76E0A1004A84EB /* Preview Assets.xcassets in Resources */ = {isa = PBXBuildFile; fileRef = 5A9379412B76E0A1004A84EB /* Preview Assets.xcassets */; };
		5A93794C2B76E0A1004A84EB /* Meal_Budget_PlannerTests.swift in Sources */ = {isa = PBXBuildFile; fileRef = 5A93794B2B76E0A1004A84EB /* Meal_Budget_PlannerTests.swift */; };
		5A9379562B76E0A1004A84EB /* Meal_Budget_PlannerUITests.swift in Sources */ = {isa = PBXBuildFile; fileRef = 5A9379552B76E0A1004A84EB /* Meal_Budget_PlannerUITests.swift */; };
		5A9379582B76E0A1004A84EB /* Meal_Budget_PlannerUITestsLaunchTests.swift in Sources */ = {isa = PBXBuildFile; fileRef = 5A9379572B76E0A1004A84EB /* Meal_Budget_PlannerUITestsLaunchTests.swift */; };
/* End PBXBuildFile section */

/* Begin PBXContainerItemProxy section */
		5A9379482B76E0A1004A84EB /* PBXContainerItemProxy */ = {
			isa = PBXContainerItemProxy;
			containerPortal = 5A93792F2B76E09E004A84EB /* Project object */;
			proxyType = 1;
			remoteGlobalIDString = 5A9379362B76E09E004A84EB;
			remoteInfo = "Meal Budget Planner";
		};
		5A9379522B76E0A1004A84EB /* PBXContainerItemProxy */ = {
			isa = PBXContainerItemProxy;
			containerPortal = 5A93792F2B76E09E004A84EB /* Project object */;
			proxyType = 1;
			remoteGlobalIDString = 5A9379362B76E09E004A84EB;
			remoteInfo = "Meal Budget Planner";
		};
/* End PBXContainerItemProxy section */

/* Begin PBXFileReference section */
		5A0306DA2B7ADB32000D979A /* LoginView.swift */ = {isa = PBXFileReference; lastKnownFileType = sourcecode.swift; path = LoginView.swift; sourceTree = "<group>"; };
		5A0306DC2B7ADD45000D979A /* InputView.swift */ = {isa = PBXFileReference; lastKnownFileType = sourcecode.swift; path = InputView.swift; sourceTree = "<group>"; };
		5A0306DF2B7AE052000D979A /* WelcomeView.swift */ = {isa = PBXFileReference; lastKnownFileType = sourcecode.swift; path = WelcomeView.swift; sourceTree = "<group>"; };
		5A0306E12B7AE066000D979A /* SignupView.swift */ = {isa = PBXFileReference; lastKnownFileType = sourcecode.swift; path = SignupView.swift; sourceTree = "<group>"; };
		5A0306E42B7AF302000D979A /* BudgetSelectView.swift */ = {isa = PBXFileReference; lastKnownFileType = sourcecode.swift; path = BudgetSelectView.swift; sourceTree = "<group>"; };
		5A0306E62B7AF321000D979A /* BreakfastSelectView.swift */ = {isa = PBXFileReference; lastKnownFileType = sourcecode.swift; path = BreakfastSelectView.swift; sourceTree = "<group>"; };
		5A0306E82B7AF334000D979A /* LunchSelectView.swift */ = {isa = PBXFileReference; lastKnownFileType = sourcecode.swift; path = LunchSelectView.swift; sourceTree = "<group>"; };
		5A0306EA2B7AF33E000D979A /* DinnerSelectView.swift */ = {isa = PBXFileReference; lastKnownFileType = sourcecode.swift; path = DinnerSelectView.swift; sourceTree = "<group>"; };
		5A0306F02B7AF3D6000D979A /* MyMealsView.swift */ = {isa = PBXFileReference; lastKnownFileType = sourcecode.swift; path = MyMealsView.swift; sourceTree = "<group>"; };
		5A0306F32B7B071C000D979A /* SelectBudgetButton.swift */ = {isa = PBXFileReference; lastKnownFileType = sourcecode.swift; path = SelectBudgetButton.swift; sourceTree = "<group>"; };
		5A0306F52B7B157F000D979A /* SelectPreferenceButton.swift */ = {isa = PBXFileReference; lastKnownFileType = sourcecode.swift; path = SelectPreferenceButton.swift; sourceTree = "<group>"; };
		5A0306F72B7B179D000D979A /* imageButton.swift */ = {isa = PBXFileReference; lastKnownFileType = sourcecode.swift; path = imageButton.swift; sourceTree = "<group>"; };
		5A0306F92B7B1E9B000D979A /* MealSelectionViewModel.swift */ = {isa = PBXFileReference; lastKnownFileType = sourcecode.swift; path = MealSelectionViewModel.swift; sourceTree = "<group>"; };
		5A0306FB2B7C358A000D979A /* MyAccountButton.swift */ = {isa = PBXFileReference; lastKnownFileType = sourcecode.swift; path = MyAccountButton.swift; sourceTree = "<group>"; };
		5A0306FD2B7C367E000D979A /* MyAccountView.swift */ = {isa = PBXFileReference; lastKnownFileType = sourcecode.swift; path = MyAccountView.swift; sourceTree = "<group>"; };
		5A0307022B7C55D2000D979A /* CustomTabView.swift */ = {isa = PBXFileReference; lastKnownFileType = sourcecode.swift; path = CustomTabView.swift; sourceTree = "<group>"; };
		5A0307042B7C8789000D979A /* GroceryListView.swift */ = {isa = PBXFileReference; lastKnownFileType = sourcecode.swift; path = GroceryListView.swift; sourceTree = "<group>"; };
		5A0307062B7C87E0000D979A /* MyBudgetView.swift */ = {isa = PBXFileReference; lastKnownFileType = sourcecode.swift; path = MyBudgetView.swift; sourceTree = "<group>"; };
		5A03070A2B7C87FF000D979A /* ExploreView.swift */ = {isa = PBXFileReference; lastKnownFileType = sourcecode.swift; path = ExploreView.swift; sourceTree = "<group>"; };
		5A4452DE2BA9220E00F2BCD5 /* HeaderView.swift */ = {isa = PBXFileReference; lastKnownFileType = sourcecode.swift; path = HeaderView.swift; sourceTree = "<group>"; };
		5A4452E42BA936DE00F2BCD5 /* CalendarDayView.swift */ = {isa = PBXFileReference; lastKnownFileType = sourcecode.swift; path = CalendarDayView.swift; sourceTree = "<group>"; };
		5A6D71662BA3EA7D00442BF1 /* SignupViewModel.swift */ = {isa = PBXFileReference; lastKnownFileType = sourcecode.swift; path = SignupViewModel.swift; sourceTree = "<group>"; };
		5A6D71682BA3EC3A00442BF1 /* CreateAccountView.swift */ = {isa = PBXFileReference; lastKnownFileType = sourcecode.swift; path = CreateAccountView.swift; sourceTree = "<group>"; };
		5A6D716A2BA3EE3D00442BF1 /* EntryFieldView.swift */ = {isa = PBXFileReference; lastKnownFileType = sourcecode.swift; path = EntryFieldView.swift; sourceTree = "<group>"; };
		5A9379372B76E09E004A84EB /* Meal Budget Planner.app */ = {isa = PBXFileReference; explicitFileType = wrapper.application; includeInIndex = 0; path = "Meal Budget Planner.app"; sourceTree = BUILT_PRODUCTS_DIR; };
		5A93793A2B76E09E004A84EB /* Meal_Budget_PlannerApp.swift */ = {isa = PBXFileReference; lastKnownFileType = sourcecode.swift; path = Meal_Budget_PlannerApp.swift; sourceTree = "<group>"; };
		5A93793C2B76E09E004A84EB /* ContentView.swift */ = {isa = PBXFileReference; lastKnownFileType = sourcecode.swift; path = ContentView.swift; sourceTree = "<group>"; };
		5A93793E2B76E0A1004A84EB /* Assets.xcassets */ = {isa = PBXFileReference; lastKnownFileType = folder.assetcatalog; path = Assets.xcassets; sourceTree = "<group>"; };
		5A9379412B76E0A1004A84EB /* Preview Assets.xcassets */ = {isa = PBXFileReference; lastKnownFileType = folder.assetcatalog; path = "Preview Assets.xcassets"; sourceTree = "<group>"; };
		5A9379472B76E0A1004A84EB /* Meal Budget PlannerTests.xctest */ = {isa = PBXFileReference; explicitFileType = wrapper.cfbundle; includeInIndex = 0; path = "Meal Budget PlannerTests.xctest"; sourceTree = BUILT_PRODUCTS_DIR; };
		5A93794B2B76E0A1004A84EB /* Meal_Budget_PlannerTests.swift */ = {isa = PBXFileReference; lastKnownFileType = sourcecode.swift; path = Meal_Budget_PlannerTests.swift; sourceTree = "<group>"; };
		5A9379512B76E0A1004A84EB /* Meal Budget PlannerUITests.xctest */ = {isa = PBXFileReference; explicitFileType = wrapper.cfbundle; includeInIndex = 0; path = "Meal Budget PlannerUITests.xctest"; sourceTree = BUILT_PRODUCTS_DIR; };
		5A9379552B76E0A1004A84EB /* Meal_Budget_PlannerUITests.swift */ = {isa = PBXFileReference; lastKnownFileType = sourcecode.swift; path = Meal_Budget_PlannerUITests.swift; sourceTree = "<group>"; };
		5A9379572B76E0A1004A84EB /* Meal_Budget_PlannerUITestsLaunchTests.swift */ = {isa = PBXFileReference; lastKnownFileType = sourcecode.swift; path = Meal_Budget_PlannerUITestsLaunchTests.swift; sourceTree = "<group>"; };
/* End PBXFileReference section */

/* Begin PBXFrameworksBuildPhase section */
		5A9379342B76E09E004A84EB /* Frameworks */ = {
			isa = PBXFrameworksBuildPhase;
			buildActionMask = 2147483647;
			files = (
			);
			runOnlyForDeploymentPostprocessing = 0;
		};
		5A9379442B76E0A1004A84EB /* Frameworks */ = {
			isa = PBXFrameworksBuildPhase;
			buildActionMask = 2147483647;
			files = (
			);
			runOnlyForDeploymentPostprocessing = 0;
		};
		5A93794E2B76E0A1004A84EB /* Frameworks */ = {
			isa = PBXFrameworksBuildPhase;
			buildActionMask = 2147483647;
			files = (
			);
			runOnlyForDeploymentPostprocessing = 0;
		};
/* End PBXFrameworksBuildPhase section */

/* Begin PBXGroup section */
		5A0306D32B7ADA4D000D979A /* App */ = {
			isa = PBXGroup;
			children = (
				5A93793A2B76E09E004A84EB /* Meal_Budget_PlannerApp.swift */,
			);
			path = App;
			sourceTree = "<group>";
		};
		5A0306D42B7ADA68000D979A /* Components */ = {
			isa = PBXGroup;
			children = (
				5A0306DC2B7ADD45000D979A /* InputView.swift */,
				5A6D716A2BA3EE3D00442BF1 /* EntryFieldView.swift */,
				5A4452DE2BA9220E00F2BCD5 /* HeaderView.swift */,
				5A0307022B7C55D2000D979A /* CustomTabView.swift */,
				5A4452E42BA936DE00F2BCD5 /* CalendarDayView.swift */,
			);
			path = Components;
			sourceTree = "<group>";
		};
		5A0306D52B7ADA71000D979A /* Core */ = {
			isa = PBXGroup;
			children = (
				5A0306D82B7ADAED000D979A /* Authentication */,
				5A0306E32B7AF2B9000D979A /* Get Started */,
				5A0306ED2B7AF397000D979A /* Home Screen */,
				5A0306FF2B7C414F000D979A /* Meal Screens */,
				5A0306EC2B7AF34C000D979A /* Meal Selection */,
				5A0306D92B7ADAFA000D979A /* Profile */,
				5A0306D72B7ADADB000D979A /* Root */,
			);
			path = Core;
			sourceTree = "<group>";
		};
		5A0306D62B7ADA79000D979A /* Model */ = {
			isa = PBXGroup;
			children = (
				5A0306F92B7B1E9B000D979A /* MealSelectionViewModel.swift */,
				5A6D71662BA3EA7D00442BF1 /* SignupViewModel.swift */,
			);
			path = Model;
			sourceTree = "<group>";
		};
		5A0306D72B7ADADB000D979A /* Root */ = {
			isa = PBXGroup;
			children = (
				5A93793C2B76E09E004A84EB /* ContentView.swift */,
			);
			path = Root;
			sourceTree = "<group>";
		};
		5A0306D82B7ADAED000D979A /* Authentication */ = {
			isa = PBXGroup;
			children = (
				5A0306DA2B7ADB32000D979A /* LoginView.swift */,
				5A0306DF2B7AE052000D979A /* WelcomeView.swift */,
			);
			path = Authentication;
			sourceTree = "<group>";
		};
		5A0306D92B7ADAFA000D979A /* Profile */ = {
			isa = PBXGroup;
			children = (
				5A0306FD2B7C367E000D979A /* MyAccountView.swift */,
			);
			path = Profile;
			sourceTree = "<group>";
		};
		5A0306E32B7AF2B9000D979A /* Get Started */ = {
			isa = PBXGroup;
			children = (
				5A0306E42B7AF302000D979A /* BudgetSelectView.swift */,
				5A0306E12B7AE066000D979A /* SignupView.swift */,
				5A6D71682BA3EC3A00442BF1 /* CreateAccountView.swift */,
			);
			path = "Get Started";
			sourceTree = "<group>";
		};
		5A0306EC2B7AF34C000D979A /* Meal Selection */ = {
			isa = PBXGroup;
			children = (
				5A0306E62B7AF321000D979A /* BreakfastSelectView.swift */,
				5A0306E82B7AF334000D979A /* LunchSelectView.swift */,
				5A0306EA2B7AF33E000D979A /* DinnerSelectView.swift */,
			);
			path = "Meal Selection";
			sourceTree = "<group>";
		};
		5A0306ED2B7AF397000D979A /* Home Screen */ = {
			isa = PBXGroup;
			children = (
				5A0306F02B7AF3D6000D979A /* MyMealsView.swift */,
				5A0307042B7C8789000D979A /* GroceryListView.swift */,
				5A0307062B7C87E0000D979A /* MyBudgetView.swift */,
				5A03070A2B7C87FF000D979A /* ExploreView.swift */,
			);
			path = "Home Screen";
			sourceTree = "<group>";
		};
		5A0306F22B7B06F2000D979A /* Buttons */ = {
			isa = PBXGroup;
			children = (
				5A0306F32B7B071C000D979A /* SelectBudgetButton.swift */,
				5A0306FB2B7C358A000D979A /* MyAccountButton.swift */,
				5A0306F52B7B157F000D979A /* SelectPreferenceButton.swift */,
				5A0306F72B7B179D000D979A /* imageButton.swift */,
			);
			path = Buttons;
			sourceTree = "<group>";
		};
		5A0306FF2B7C414F000D979A /* Meal Screens */ = {
			isa = PBXGroup;
			children = (
			);
			path = "Meal Screens";
			sourceTree = "<group>";
		};
		5A93792E2B76E09E004A84EB = {
			isa = PBXGroup;
			children = (
				5A9379392B76E09E004A84EB /* Meal Budget Planner */,
				5A93794A2B76E0A1004A84EB /* Meal Budget PlannerTests */,
				5A9379542B76E0A1004A84EB /* Meal Budget PlannerUITests */,
				5A9379382B76E09E004A84EB /* Products */,
			);
			sourceTree = "<group>";
		};
		5A9379382B76E09E004A84EB /* Products */ = {
			isa = PBXGroup;
			children = (
				5A9379372B76E09E004A84EB /* Meal Budget Planner.app */,
				5A9379472B76E0A1004A84EB /* Meal Budget PlannerTests.xctest */,
				5A9379512B76E0A1004A84EB /* Meal Budget PlannerUITests.xctest */,
			);
			name = Products;
			sourceTree = "<group>";
		};
		5A9379392B76E09E004A84EB /* Meal Budget Planner */ = {
			isa = PBXGroup;
			children = (
				5A0306F22B7B06F2000D979A /* Buttons */,
				5A0306D32B7ADA4D000D979A /* App */,
				5A0306D42B7ADA68000D979A /* Components */,
				5A0306D52B7ADA71000D979A /* Core */,
				5A0306D62B7ADA79000D979A /* Model */,
				5A93793E2B76E0A1004A84EB /* Assets.xcassets */,
				5A9379402B76E0A1004A84EB /* Preview Content */,
			);
			path = "Meal Budget Planner";
			sourceTree = "<group>";
		};
		5A9379402B76E0A1004A84EB /* Preview Content */ = {
			isa = PBXGroup;
			children = (
				5A9379412B76E0A1004A84EB /* Preview Assets.xcassets */,
			);
			path = "Preview Content";
			sourceTree = "<group>";
		};
		5A93794A2B76E0A1004A84EB /* Meal Budget PlannerTests */ = {
			isa = PBXGroup;
			children = (
				5A93794B2B76E0A1004A84EB /* Meal_Budget_PlannerTests.swift */,
			);
			path = "Meal Budget PlannerTests";
			sourceTree = "<group>";
		};
		5A9379542B76E0A1004A84EB /* Meal Budget PlannerUITests */ = {
			isa = PBXGroup;
			children = (
				5A9379552B76E0A1004A84EB /* Meal_Budget_PlannerUITests.swift */,
				5A9379572B76E0A1004A84EB /* Meal_Budget_PlannerUITestsLaunchTests.swift */,
			);
			path = "Meal Budget PlannerUITests";
			sourceTree = "<group>";
		};
/* End PBXGroup section */

/* Begin PBXNativeTarget section */
		5A9379362B76E09E004A84EB /* Meal Budget Planner */ = {
			isa = PBXNativeTarget;
			buildConfigurationList = 5A93795B2B76E0A1004A84EB /* Build configuration list for PBXNativeTarget "Meal Budget Planner" */;
			buildPhases = (
				5A9379332B76E09E004A84EB /* Sources */,
				5A9379342B76E09E004A84EB /* Frameworks */,
				5A9379352B76E09E004A84EB /* Resources */,
			);
			buildRules = (
			);
			dependencies = (
			);
			name = "Meal Budget Planner";
			productName = "Meal Budget Planner";
			productReference = 5A9379372B76E09E004A84EB /* Meal Budget Planner.app */;
			productType = "com.apple.product-type.application";
		};
		5A9379462B76E0A1004A84EB /* Meal Budget PlannerTests */ = {
			isa = PBXNativeTarget;
			buildConfigurationList = 5A93795E2B76E0A1004A84EB /* Build configuration list for PBXNativeTarget "Meal Budget PlannerTests" */;
			buildPhases = (
				5A9379432B76E0A1004A84EB /* Sources */,
				5A9379442B76E0A1004A84EB /* Frameworks */,
				5A9379452B76E0A1004A84EB /* Resources */,
			);
			buildRules = (
			);
			dependencies = (
				5A9379492B76E0A1004A84EB /* PBXTargetDependency */,
			);
			name = "Meal Budget PlannerTests";
			productName = "Meal Budget PlannerTests";
			productReference = 5A9379472B76E0A1004A84EB /* Meal Budget PlannerTests.xctest */;
			productType = "com.apple.product-type.bundle.unit-test";
		};
		5A9379502B76E0A1004A84EB /* Meal Budget PlannerUITests */ = {
			isa = PBXNativeTarget;
			buildConfigurationList = 5A9379612B76E0A1004A84EB /* Build configuration list for PBXNativeTarget "Meal Budget PlannerUITests" */;
			buildPhases = (
				5A93794D2B76E0A1004A84EB /* Sources */,
				5A93794E2B76E0A1004A84EB /* Frameworks */,
				5A93794F2B76E0A1004A84EB /* Resources */,
			);
			buildRules = (
			);
			dependencies = (
				5A9379532B76E0A1004A84EB /* PBXTargetDependency */,
			);
			name = "Meal Budget PlannerUITests";
			productName = "Meal Budget PlannerUITests";
			productReference = 5A9379512B76E0A1004A84EB /* Meal Budget PlannerUITests.xctest */;
			productType = "com.apple.product-type.bundle.ui-testing";
		};
/* End PBXNativeTarget section */

/* Begin PBXProject section */
		5A93792F2B76E09E004A84EB /* Project object */ = {
			isa = PBXProject;
			attributes = {
				BuildIndependentTargetsInParallel = 1;
				LastSwiftUpdateCheck = 1340;
				LastUpgradeCheck = 1340;
				TargetAttributes = {
					5A9379362B76E09E004A84EB = {
						CreatedOnToolsVersion = 13.4.1;
					};
					5A9379462B76E0A1004A84EB = {
						CreatedOnToolsVersion = 13.4.1;
						TestTargetID = 5A9379362B76E09E004A84EB;
					};
					5A9379502B76E0A1004A84EB = {
						CreatedOnToolsVersion = 13.4.1;
						TestTargetID = 5A9379362B76E09E004A84EB;
					};
				};
			};
			buildConfigurationList = 5A9379322B76E09E004A84EB /* Build configuration list for PBXProject "Meal Budget Planner" */;
			compatibilityVersion = "Xcode 13.0";
			developmentRegion = en;
			hasScannedForEncodings = 0;
			knownRegions = (
				en,
				Base,
			);
			mainGroup = 5A93792E2B76E09E004A84EB;
			productRefGroup = 5A9379382B76E09E004A84EB /* Products */;
			projectDirPath = "";
			projectRoot = "";
			targets = (
				5A9379362B76E09E004A84EB /* Meal Budget Planner */,
				5A9379462B76E0A1004A84EB /* Meal Budget PlannerTests */,
				5A9379502B76E0A1004A84EB /* Meal Budget PlannerUITests */,
			);
		};
/* End PBXProject section */

/* Begin PBXResourcesBuildPhase section */
		5A9379352B76E09E004A84EB /* Resources */ = {
			isa = PBXResourcesBuildPhase;
			buildActionMask = 2147483647;
			files = (
				5A9379422B76E0A1004A84EB /* Preview Assets.xcassets in Resources */,
				5A93793F2B76E0A1004A84EB /* Assets.xcassets in Resources */,
			);
			runOnlyForDeploymentPostprocessing = 0;
		};
		5A9379452B76E0A1004A84EB /* Resources */ = {
			isa = PBXResourcesBuildPhase;
			buildActionMask = 2147483647;
			files = (
			);
			runOnlyForDeploymentPostprocessing = 0;
		};
		5A93794F2B76E0A1004A84EB /* Resources */ = {
			isa = PBXResourcesBuildPhase;
			buildActionMask = 2147483647;
			files = (
			);
			runOnlyForDeploymentPostprocessing = 0;
		};
/* End PBXResourcesBuildPhase section */

/* Begin PBXSourcesBuildPhase section */
		5A9379332B76E09E004A84EB /* Sources */ = {
			isa = PBXSourcesBuildPhase;
			buildActionMask = 2147483647;
			files = (
				5A0306E52B7AF303000D979A /* BudgetSelectView.swift in Sources */,
				5A6D71692BA3EC3A00442BF1 /* CreateAccountView.swift in Sources */,
				5A0306E22B7AE066000D979A /* SignupView.swift in Sources */,
				5A0306E72B7AF321000D979A /* BreakfastSelectView.swift in Sources */,
				5A0306F12B7AF3D6000D979A /* MyMealsView.swift in Sources */,
				5A0306FE2B7C367E000D979A /* MyAccountView.swift in Sources */,
				5A4452E52BA936DE00F2BCD5 /* CalendarDayView.swift in Sources */,
				5A0306E02B7AE052000D979A /* WelcomeView.swift in Sources */,
				5A93793D2B76E09E004A84EB /* ContentView.swift in Sources */,
				5A6D716B2BA3EE3D00442BF1 /* EntryFieldView.swift in Sources */,
				5A03070B2B7C87FF000D979A /* ExploreView.swift in Sources */,
				5A0306F62B7B157F000D979A /* SelectPreferenceButton.swift in Sources */,
				5A0306F42B7B071C000D979A /* SelectBudgetButton.swift in Sources */,
				5A0306DD2B7ADD45000D979A /* InputView.swift in Sources */,
				5A0306DB2B7ADB32000D979A /* LoginView.swift in Sources */,
				5A0307052B7C8789000D979A /* GroceryListView.swift in Sources */,
				5A4452DF2BA9220E00F2BCD5 /* HeaderView.swift in Sources */,
				5A0306E92B7AF334000D979A /* LunchSelectView.swift in Sources */,
				5A0306FA2B7B1E9B000D979A /* MealSelectionViewModel.swift in Sources */,
				5A0306EB2B7AF33E000D979A /* DinnerSelectView.swift in Sources */,
				5A6D71672BA3EA7D00442BF1 /* SignupViewModel.swift in Sources */,
				5A93793B2B76E09E004A84EB /* Meal_Budget_PlannerApp.swift in Sources */,
				5A0307032B7C55D2000D979A /* CustomTabView.swift in Sources */,
				5A0307072B7C87E0000D979A /* MyBudgetView.swift in Sources */,
				5A0306F82B7B179D000D979A /* imageButton.swift in Sources */,
				5A0306FC2B7C358A000D979A /* MyAccountButton.swift in Sources */,
			);
			runOnlyForDeploymentPostprocessing = 0;
		};
		5A9379432B76E0A1004A84EB /* Sources */ = {
			isa = PBXSourcesBuildPhase;
			buildActionMask = 2147483647;
			files = (
				5A93794C2B76E0A1004A84EB /* Meal_Budget_PlannerTests.swift in Sources */,
			);
			runOnlyForDeploymentPostprocessing = 0;
		};
		5A93794D2B76E0A1004A84EB /* Sources */ = {
			isa = PBXSourcesBuildPhase;
			buildActionMask = 2147483647;
			files = (
				5A9379562B76E0A1004A84EB /* Meal_Budget_PlannerUITests.swift in Sources */,
				5A9379582B76E0A1004A84EB /* Meal_Budget_PlannerUITestsLaunchTests.swift in Sources */,
			);
			runOnlyForDeploymentPostprocessing = 0;
		};
/* End PBXSourcesBuildPhase section */

/* Begin PBXTargetDependency section */
		5A9379492B76E0A1004A84EB /* PBXTargetDependency */ = {
			isa = PBXTargetDependency;
			target = 5A9379362B76E09E004A84EB /* Meal Budget Planner */;
			targetProxy = 5A9379482B76E0A1004A84EB /* PBXContainerItemProxy */;
		};
		5A9379532B76E0A1004A84EB /* PBXTargetDependency */ = {
			isa = PBXTargetDependency;
			target = 5A9379362B76E09E004A84EB /* Meal Budget Planner */;
			targetProxy = 5A9379522B76E0A1004A84EB /* PBXContainerItemProxy */;
		};
/* End PBXTargetDependency section */

/* Begin XCBuildConfiguration section */
		5A9379592B76E0A1004A84EB /* Debug */ = {
			isa = XCBuildConfiguration;
			buildSettings = {
				ALWAYS_SEARCH_USER_PATHS = NO;
				CLANG_ANALYZER_NONNULL = YES;
				CLANG_ANALYZER_NUMBER_OBJECT_CONVERSION = YES_AGGRESSIVE;
				CLANG_CXX_LANGUAGE_STANDARD = "gnu++17";
				CLANG_ENABLE_MODULES = YES;
				CLANG_ENABLE_OBJC_ARC = YES;
				CLANG_ENABLE_OBJC_WEAK = YES;
				CLANG_WARN_BLOCK_CAPTURE_AUTORELEASING = YES;
				CLANG_WARN_BOOL_CONVERSION = YES;
				CLANG_WARN_COMMA = YES;
				CLANG_WARN_CONSTANT_CONVERSION = YES;
				CLANG_WARN_DEPRECATED_OBJC_IMPLEMENTATIONS = YES;
				CLANG_WARN_DIRECT_OBJC_ISA_USAGE = YES_ERROR;
				CLANG_WARN_DOCUMENTATION_COMMENTS = YES;
				CLANG_WARN_EMPTY_BODY = YES;
				CLANG_WARN_ENUM_CONVERSION = YES;
				CLANG_WARN_INFINITE_RECURSION = YES;
				CLANG_WARN_INT_CONVERSION = YES;
				CLANG_WARN_NON_LITERAL_NULL_CONVERSION = YES;
				CLANG_WARN_OBJC_IMPLICIT_RETAIN_SELF = YES;
				CLANG_WARN_OBJC_LITERAL_CONVERSION = YES;
				CLANG_WARN_OBJC_ROOT_CLASS = YES_ERROR;
				CLANG_WARN_QUOTED_INCLUDE_IN_FRAMEWORK_HEADER = YES;
				CLANG_WARN_RANGE_LOOP_ANALYSIS = YES;
				CLANG_WARN_STRICT_PROTOTYPES = YES;
				CLANG_WARN_SUSPICIOUS_MOVE = YES;
				CLANG_WARN_UNGUARDED_AVAILABILITY = YES_AGGRESSIVE;
				CLANG_WARN_UNREACHABLE_CODE = YES;
				CLANG_WARN__DUPLICATE_METHOD_MATCH = YES;
				COPY_PHASE_STRIP = NO;
				DEBUG_INFORMATION_FORMAT = dwarf;
				ENABLE_STRICT_OBJC_MSGSEND = YES;
				ENABLE_TESTABILITY = YES;
				GCC_C_LANGUAGE_STANDARD = gnu11;
				GCC_DYNAMIC_NO_PIC = NO;
				GCC_NO_COMMON_BLOCKS = YES;
				GCC_OPTIMIZATION_LEVEL = 0;
				GCC_PREPROCESSOR_DEFINITIONS = (
					"DEBUG=1",
					"$(inherited)",
				);
				GCC_WARN_64_TO_32_BIT_CONVERSION = YES;
				GCC_WARN_ABOUT_RETURN_TYPE = YES_ERROR;
				GCC_WARN_UNDECLARED_SELECTOR = YES;
				GCC_WARN_UNINITIALIZED_AUTOS = YES_AGGRESSIVE;
				GCC_WARN_UNUSED_FUNCTION = YES;
				GCC_WARN_UNUSED_VARIABLE = YES;
				IPHONEOS_DEPLOYMENT_TARGET = 15.1;
				MTL_ENABLE_DEBUG_INFO = INCLUDE_SOURCE;
				MTL_FAST_MATH = YES;
				ONLY_ACTIVE_ARCH = YES;
				SDKROOT = iphoneos;
				SWIFT_ACTIVE_COMPILATION_CONDITIONS = DEBUG;
				SWIFT_OPTIMIZATION_LEVEL = "-Onone";
			};
			name = Debug;
		};
		5A93795A2B76E0A1004A84EB /* Release */ = {
			isa = XCBuildConfiguration;
			buildSettings = {
				ALWAYS_SEARCH_USER_PATHS = NO;
				CLANG_ANALYZER_NONNULL = YES;
				CLANG_ANALYZER_NUMBER_OBJECT_CONVERSION = YES_AGGRESSIVE;
				CLANG_CXX_LANGUAGE_STANDARD = "gnu++17";
				CLANG_ENABLE_MODULES = YES;
				CLANG_ENABLE_OBJC_ARC = YES;
				CLANG_ENABLE_OBJC_WEAK = YES;
				CLANG_WARN_BLOCK_CAPTURE_AUTORELEASING = YES;
				CLANG_WARN_BOOL_CONVERSION = YES;
				CLANG_WARN_COMMA = YES;
				CLANG_WARN_CONSTANT_CONVERSION = YES;
				CLANG_WARN_DEPRECATED_OBJC_IMPLEMENTATIONS = YES;
				CLANG_WARN_DIRECT_OBJC_ISA_USAGE = YES_ERROR;
				CLANG_WARN_DOCUMENTATION_COMMENTS = YES;
				CLANG_WARN_EMPTY_BODY = YES;
				CLANG_WARN_ENUM_CONVERSION = YES;
				CLANG_WARN_INFINITE_RECURSION = YES;
				CLANG_WARN_INT_CONVERSION = YES;
				CLANG_WARN_NON_LITERAL_NULL_CONVERSION = YES;
				CLANG_WARN_OBJC_IMPLICIT_RETAIN_SELF = YES;
				CLANG_WARN_OBJC_LITERAL_CONVERSION = YES;
				CLANG_WARN_OBJC_ROOT_CLASS = YES_ERROR;
				CLANG_WARN_QUOTED_INCLUDE_IN_FRAMEWORK_HEADER = YES;
				CLANG_WARN_RANGE_LOOP_ANALYSIS = YES;
				CLANG_WARN_STRICT_PROTOTYPES = YES;
				CLANG_WARN_SUSPICIOUS_MOVE = YES;
				CLANG_WARN_UNGUARDED_AVAILABILITY = YES_AGGRESSIVE;
				CLANG_WARN_UNREACHABLE_CODE = YES;
				CLANG_WARN__DUPLICATE_METHOD_MATCH = YES;
				COPY_PHASE_STRIP = NO;
				DEBUG_INFORMATION_FORMAT = "dwarf-with-dsym";
				ENABLE_NS_ASSERTIONS = NO;
				ENABLE_STRICT_OBJC_MSGSEND = YES;
				GCC_C_LANGUAGE_STANDARD = gnu11;
				GCC_NO_COMMON_BLOCKS = YES;
				GCC_WARN_64_TO_32_BIT_CONVERSION = YES;
				GCC_WARN_ABOUT_RETURN_TYPE = YES_ERROR;
				GCC_WARN_UNDECLARED_SELECTOR = YES;
				GCC_WARN_UNINITIALIZED_AUTOS = YES_AGGRESSIVE;
				GCC_WARN_UNUSED_FUNCTION = YES;
				GCC_WARN_UNUSED_VARIABLE = YES;
				IPHONEOS_DEPLOYMENT_TARGET = 15.1;
				MTL_ENABLE_DEBUG_INFO = NO;
				MTL_FAST_MATH = YES;
				SDKROOT = iphoneos;
				SWIFT_COMPILATION_MODE = wholemodule;
				SWIFT_OPTIMIZATION_LEVEL = "-O";
				VALIDATE_PRODUCT = YES;
			};
			name = Release;
		};
		5A93795C2B76E0A1004A84EB /* Debug */ = {
			isa = XCBuildConfiguration;
			buildSettings = {
				ASSETCATALOG_COMPILER_APPICON_NAME = AppIcon;
				ASSETCATALOG_COMPILER_GLOBAL_ACCENT_COLOR_NAME = AccentColor;
				CODE_SIGN_STYLE = Automatic;
				CURRENT_PROJECT_VERSION = 1;
				DEVELOPMENT_ASSET_PATHS = "\"Meal Budget Planner/Preview Content\"";
				ENABLE_PREVIEWS = YES;
				GENERATE_INFOPLIST_FILE = YES;
				INFOPLIST_KEY_UIApplicationSceneManifest_Generation = YES;
				INFOPLIST_KEY_UIApplicationSupportsIndirectInputEvents = YES;
				INFOPLIST_KEY_UILaunchScreen_Generation = YES;
				INFOPLIST_KEY_UISupportedInterfaceOrientations_iPad = "UIInterfaceOrientationPortrait UIInterfaceOrientationPortraitUpsideDown UIInterfaceOrientationLandscapeLeft UIInterfaceOrientationLandscapeRight";
				INFOPLIST_KEY_UISupportedInterfaceOrientations_iPhone = "UIInterfaceOrientationPortrait UIInterfaceOrientationLandscapeLeft UIInterfaceOrientationLandscapeRight";
				LD_RUNPATH_SEARCH_PATHS = (
					"$(inherited)",
					"@executable_path/Frameworks",
				);
				MARKETING_VERSION = 1.0;
				PRODUCT_BUNDLE_IDENTIFIER = "CSCI440.Meal-Budget-Planner";
				PRODUCT_NAME = "$(TARGET_NAME)";
				SWIFT_EMIT_LOC_STRINGS = YES;
				SWIFT_VERSION = 5.0;
				TARGETED_DEVICE_FAMILY = "1,2";
			};
			name = Debug;
		};
		5A93795D2B76E0A1004A84EB /* Release */ = {
			isa = XCBuildConfiguration;
			buildSettings = {
				ASSETCATALOG_COMPILER_APPICON_NAME = AppIcon;
				ASSETCATALOG_COMPILER_GLOBAL_ACCENT_COLOR_NAME = AccentColor;
				CODE_SIGN_STYLE = Automatic;
				CURRENT_PROJECT_VERSION = 1;
				DEVELOPMENT_ASSET_PATHS = "\"Meal Budget Planner/Preview Content\"";
				ENABLE_PREVIEWS = YES;
				GENERATE_INFOPLIST_FILE = YES;
				INFOPLIST_KEY_UIApplicationSceneManifest_Generation = YES;
				INFOPLIST_KEY_UIApplicationSupportsIndirectInputEvents = YES;
				INFOPLIST_KEY_UILaunchScreen_Generation = YES;
				INFOPLIST_KEY_UISupportedInterfaceOrientations_iPad = "UIInterfaceOrientationPortrait UIInterfaceOrientationPortraitUpsideDown UIInterfaceOrientationLandscapeLeft UIInterfaceOrientationLandscapeRight";
				INFOPLIST_KEY_UISupportedInterfaceOrientations_iPhone = "UIInterfaceOrientationPortrait UIInterfaceOrientationLandscapeLeft UIInterfaceOrientationLandscapeRight";
				LD_RUNPATH_SEARCH_PATHS = (
					"$(inherited)",
					"@executable_path/Frameworks",
				);
				MARKETING_VERSION = 1.0;
				PRODUCT_BUNDLE_IDENTIFIER = "CSCI440.Meal-Budget-Planner";
				PRODUCT_NAME = "$(TARGET_NAME)";
				SWIFT_EMIT_LOC_STRINGS = YES;
				SWIFT_VERSION = 5.0;
				TARGETED_DEVICE_FAMILY = "1,2";
			};
			name = Release;
		};
		5A93795F2B76E0A1004A84EB /* Debug */ = {
			isa = XCBuildConfiguration;
			buildSettings = {
				ALWAYS_EMBED_SWIFT_STANDARD_LIBRARIES = YES;
				BUNDLE_LOADER = "$(TEST_HOST)";
				CODE_SIGN_STYLE = Automatic;
				CURRENT_PROJECT_VERSION = 1;
				GENERATE_INFOPLIST_FILE = YES;
				IPHONEOS_DEPLOYMENT_TARGET = 15.5;
				MARKETING_VERSION = 1.0;
				PRODUCT_BUNDLE_IDENTIFIER = "CSCI440.Meal-Budget-PlannerTests";
				PRODUCT_NAME = "$(TARGET_NAME)";
				SWIFT_EMIT_LOC_STRINGS = NO;
				SWIFT_VERSION = 5.0;
				TARGETED_DEVICE_FAMILY = "1,2";
				TEST_HOST = "$(BUILT_PRODUCTS_DIR)/Meal Budget Planner.app/Meal Budget Planner";
			};
			name = Debug;
		};
		5A9379602B76E0A1004A84EB /* Release */ = {
			isa = XCBuildConfiguration;
			buildSettings = {
				ALWAYS_EMBED_SWIFT_STANDARD_LIBRARIES = YES;
				BUNDLE_LOADER = "$(TEST_HOST)";
				CODE_SIGN_STYLE = Automatic;
				CURRENT_PROJECT_VERSION = 1;
				GENERATE_INFOPLIST_FILE = YES;
				IPHONEOS_DEPLOYMENT_TARGET = 15.5;
				MARKETING_VERSION = 1.0;
				PRODUCT_BUNDLE_IDENTIFIER = "CSCI440.Meal-Budget-PlannerTests";
				PRODUCT_NAME = "$(TARGET_NAME)";
				SWIFT_EMIT_LOC_STRINGS = NO;
				SWIFT_VERSION = 5.0;
				TARGETED_DEVICE_FAMILY = "1,2";
				TEST_HOST = "$(BUILT_PRODUCTS_DIR)/Meal Budget Planner.app/Meal Budget Planner";
			};
			name = Release;
		};
		5A9379622B76E0A1004A84EB /* Debug */ = {
			isa = XCBuildConfiguration;
			buildSettings = {
				ALWAYS_EMBED_SWIFT_STANDARD_LIBRARIES = YES;
				CODE_SIGN_STYLE = Automatic;
				CURRENT_PROJECT_VERSION = 1;
				GENERATE_INFOPLIST_FILE = YES;
				MARKETING_VERSION = 1.0;
				PRODUCT_BUNDLE_IDENTIFIER = "CSCI440.Meal-Budget-PlannerUITests";
				PRODUCT_NAME = "$(TARGET_NAME)";
				SWIFT_EMIT_LOC_STRINGS = NO;
				SWIFT_VERSION = 5.0;
				TARGETED_DEVICE_FAMILY = "1,2";
				TEST_TARGET_NAME = "Meal Budget Planner";
			};
			name = Debug;
		};
		5A9379632B76E0A1004A84EB /* Release */ = {
			isa = XCBuildConfiguration;
			buildSettings = {
				ALWAYS_EMBED_SWIFT_STANDARD_LIBRARIES = YES;
				CODE_SIGN_STYLE = Automatic;
				CURRENT_PROJECT_VERSION = 1;
				GENERATE_INFOPLIST_FILE = YES;
				MARKETING_VERSION = 1.0;
				PRODUCT_BUNDLE_IDENTIFIER = "CSCI440.Meal-Budget-PlannerUITests";
				PRODUCT_NAME = "$(TARGET_NAME)";
				SWIFT_EMIT_LOC_STRINGS = NO;
				SWIFT_VERSION = 5.0;
				TARGETED_DEVICE_FAMILY = "1,2";
				TEST_TARGET_NAME = "Meal Budget Planner";
			};
			name = Release;
		};
/* End XCBuildConfiguration section */

/* Begin XCConfigurationList section */
		5A9379322B76E09E004A84EB /* Build configuration list for PBXProject "Meal Budget Planner" */ = {
			isa = XCConfigurationList;
			buildConfigurations = (
				5A9379592B76E0A1004A84EB /* Debug */,
				5A93795A2B76E0A1004A84EB /* Release */,
			);
			defaultConfigurationIsVisible = 0;
			defaultConfigurationName = Release;
		};
		5A93795B2B76E0A1004A84EB /* Build configuration list for PBXNativeTarget "Meal Budget Planner" */ = {
			isa = XCConfigurationList;
			buildConfigurations = (
				5A93795C2B76E0A1004A84EB /* Debug */,
				5A93795D2B76E0A1004A84EB /* Release */,
			);
			defaultConfigurationIsVisible = 0;
			defaultConfigurationName = Release;
		};
		5A93795E2B76E0A1004A84EB /* Build configuration list for PBXNativeTarget "Meal Budget PlannerTests" */ = {
			isa = XCConfigurationList;
			buildConfigurations = (
				5A93795F2B76E0A1004A84EB /* Debug */,
				5A9379602B76E0A1004A84EB /* Release */,
			);
			defaultConfigurationIsVisible = 0;
			defaultConfigurationName = Release;
		};
		5A9379612B76E0A1004A84EB /* Build configuration list for PBXNativeTarget "Meal Budget PlannerUITests" */ = {
			isa = XCConfigurationList;
			buildConfigurations = (
				5A9379622B76E0A1004A84EB /* Debug */,
				5A9379632B76E0A1004A84EB /* Release */,
			);
			defaultConfigurationIsVisible = 0;
			defaultConfigurationName = Release;
		};
/* End XCConfigurationList section */
	};
	rootObject = 5A93792F2B76E09E004A84EB /* Project object */;
}
