// !$*UTF8*$!
{
	archiveVersion = 1;
	classes = {
	};
	objectVersion = 55;
	objects = {

/* Begin PBXBuildFile section */
		5A0306DB2B7ADB32000D979A /* LoginView.swift in Sources */ = {isa = PBXBuildFile; fileRef = 5A0306DA2B7ADB32000D979A /* LoginView.swift */; };
		5A0306DD2B7ADD45000D979A /* InputView.swift in Sources */ = {isa = PBXBuildFile; fileRef = 5A0306DC2B7ADD45000D979A /* InputView.swift */; };
		5A0306E02B7AE052000D979A /* WelcomeView.swift in Sources */ = {isa = PBXBuildFile; fileRef = 5A0306DF2B7AE052000D979A /* WelcomeView.swift */; };
		5A0306E22B7AE066000D979A /* SignupView.swift in Sources */ = {isa = PBXBuildFile; fileRef = 5A0306E12B7AE066000D979A /* SignupView.swift */; };
		5A0306E52B7AF303000D979A /* BudgetSelectView.swift in Sources */ = {isa = PBXBuildFile; fileRef = 5A0306E42B7AF302000D979A /* BudgetSelectView.swift */; };
		5A0306E72B7AF321000D979A /* BreakfastSelectView.swift in Sources */ = {isa = PBXBuildFile; fileRef = 5A0306E62B7AF321000D979A /* BreakfastSelectView.swift */; };
		5A0306E92B7AF334000D979A /* LunchSelectView.swift in Sources */ = {isa = PBXBuildFile; fileRef = 5A0306E82B7AF334000D979A /* LunchSelectView.swift */; };
		5A0306EB2B7AF33E000D979A /* DinnerSelectView.swift in Sources */ = {isa = PBXBuildFile; fileRef = 5A0306EA2B7AF33E000D979A /* DinnerSelectView.swift */; };
		5A0306F12B7AF3D6000D979A /* MyMealsView.swift in Sources */ = {isa = PBXBuildFile; fileRef = 5A0306F02B7AF3D6000D979A /* MyMealsView.swift */; };
		5A0306F42B7B071C000D979A /* SelectBudgetButton.swift in Sources */ = {isa = PBXBuildFile; fileRef = 5A0306F32B7B071C000D979A /* SelectBudgetButton.swift */; };
		5A0306FE2B7C367E000D979A /* MyAccountView.swift in Sources */ = {isa = PBXBuildFile; fileRef = 5A0306FD2B7C367E000D979A /* MyAccountView.swift */; };
		5A0307032B7C55D2000D979A /* CustomTabView.swift in Sources */ = {isa = PBXBuildFile; fileRef = 5A0307022B7C55D2000D979A /* CustomTabView.swift */; };
		5A0307052B7C8789000D979A /* GroceryListView.swift in Sources */ = {isa = PBXBuildFile; fileRef = 5A0307042B7C8789000D979A /* GroceryListView.swift */; };
		5A0307072B7C87E0000D979A /* MyBudgetView.swift in Sources */ = {isa = PBXBuildFile; fileRef = 5A0307062B7C87E0000D979A /* MyBudgetView.swift */; };
		5A03070B2B7C87FF000D979A /* ExploreView.swift in Sources */ = {isa = PBXBuildFile; fileRef = 5A03070A2B7C87FF000D979A /* ExploreView.swift */; };
		5A0F28A62BC5051700DD3EEC /* IngredientModel.swift in Sources */ = {isa = PBXBuildFile; fileRef = 5A0F28A52BC5051700DD3EEC /* IngredientModel.swift */; };
		5A4452DF2BA9220E00F2BCD5 /* HeaderView.swift in Sources */ = {isa = PBXBuildFile; fileRef = 5A4452DE2BA9220E00F2BCD5 /* HeaderView.swift */; };
		5A4452E52BA936DE00F2BCD5 /* CalendarDayView.swift in Sources */ = {isa = PBXBuildFile; fileRef = 5A4452E42BA936DE00F2BCD5 /* CalendarDayView.swift */; };
		5A4452E72BA9729E00F2BCD5 /* TabBarView.swift in Sources */ = {isa = PBXBuildFile; fileRef = 5A4452E62BA9729E00F2BCD5 /* TabBarView.swift */; };
		5A4452EB2BA9843D00F2BCD5 /* FirstBudgetBreakfast.swift in Sources */ = {isa = PBXBuildFile; fileRef = 5A4452EA2BA9843D00F2BCD5 /* FirstBudgetBreakfast.swift */; };
		5A4452ED2BAA7F4800F2BCD5 /* HomeView.swift in Sources */ = {isa = PBXBuildFile; fileRef = 5A4452EC2BAA7F4800F2BCD5 /* HomeView.swift */; };
		5A4452EF2BAAB41E00F2BCD5 /* CalendarView.swift in Sources */ = {isa = PBXBuildFile; fileRef = 5A4452EE2BAAB41D00F2BCD5 /* CalendarView.swift */; };
		5A4452F32BAAB70900F2BCD5 /* MealButtonView.swift in Sources */ = {isa = PBXBuildFile; fileRef = 5A4452F22BAAB70900F2BCD5 /* MealButtonView.swift */; };
		5A4453002BAB97CF00F2BCD5 /* MealItemsView.swift in Sources */ = {isa = PBXBuildFile; fileRef = 5A4452FF2BAB97CF00F2BCD5 /* MealItemsView.swift */; };
		5A4453032BAB9A7200F2BCD5 /* MealOptionButton.swift in Sources */ = {isa = PBXBuildFile; fileRef = 5A4453022BAB9A7200F2BCD5 /* MealOptionButton.swift */; };
		5A4453062BABA6BA00F2BCD5 /* BreakfastItemsView.swift in Sources */ = {isa = PBXBuildFile; fileRef = 5A4453052BABA6BA00F2BCD5 /* BreakfastItemsView.swift */; };
		5A4453082BABA73300F2BCD5 /* LunchItemsView.swift in Sources */ = {isa = PBXBuildFile; fileRef = 5A4453072BABA73300F2BCD5 /* LunchItemsView.swift */; };
		5A44530A2BABA78200F2BCD5 /* DinnerItemsView.swift in Sources */ = {isa = PBXBuildFile; fileRef = 5A4453092BABA78200F2BCD5 /* DinnerItemsView.swift */; };
		5A6D71672BA3EA7D00442BF1 /* SignupViewModel.swift in Sources */ = {isa = PBXBuildFile; fileRef = 5A6D71662BA3EA7D00442BF1 /* SignupViewModel.swift */; };
		5A6D71692BA3EC3A00442BF1 /* CreateAccountView.swift in Sources */ = {isa = PBXBuildFile; fileRef = 5A6D71682BA3EC3A00442BF1 /* CreateAccountView.swift */; };
		5A6D716B2BA3EE3D00442BF1 /* EntryFieldView.swift in Sources */ = {isa = PBXBuildFile; fileRef = 5A6D716A2BA3EE3D00442BF1 /* EntryFieldView.swift */; };
		5A76F89E2BC5662A007161D2 /* BudgetSelectViewModel.swift in Sources */ = {isa = PBXBuildFile; fileRef = 5A76F89D2BC5662A007161D2 /* BudgetSelectViewModel.swift */; };
		5A76F8A12BC56662007161D2 /* ExpandableView.swift in Sources */ = {isa = PBXBuildFile; fileRef = 5A76F8A02BC56662007161D2 /* ExpandableView.swift */; };
		5A76F8A32BC56672007161D2 /* ExpandedView.swift in Sources */ = {isa = PBXBuildFile; fileRef = 5A76F8A22BC56672007161D2 /* ExpandedView.swift */; };
		5A76F8A52BC56694007161D2 /* LoginViewModel.swift in Sources */ = {isa = PBXBuildFile; fileRef = 5A76F8A42BC56694007161D2 /* LoginViewModel.swift */; };
		5A76F8A72BC566D0007161D2 /* ThumbnailView.swift in Sources */ = {isa = PBXBuildFile; fileRef = 5A76F8A62BC566D0007161D2 /* ThumbnailView.swift */; };
		5A884CC22BB76F3100D861A5 /* FavoritesView.swift in Sources */ = {isa = PBXBuildFile; fileRef = 5A884CC12BB76F3100D861A5 /* FavoritesView.swift */; };
		5A884CCB2BC14FE400D861A5 /* ExplorePageView.swift in Sources */ = {isa = PBXBuildFile; fileRef = 5A884CCA2BC14FE400D861A5 /* ExplorePageView.swift */; };
		5A884CCE2BC1503C00D861A5 /* RecipeListViewModel.swift in Sources */ = {isa = PBXBuildFile; fileRef = 5A884CCD2BC1503C00D861A5 /* RecipeListViewModel.swift */; };
		5A884CD02BC150DE00D861A5 /* RecipeModel.swift in Sources */ = {isa = PBXBuildFile; fileRef = 5A884CCF2BC150DE00D861A5 /* RecipeModel.swift */; };
		5A884CD22BC1522500D861A5 /* ActivityIndicator.swift in Sources */ = {isa = PBXBuildFile; fileRef = 5A884CD12BC1522500D861A5 /* ActivityIndicator.swift */; };
		5A884CD42BC152D100D861A5 /* RecipeRowView.swift in Sources */ = {isa = PBXBuildFile; fileRef = 5A884CD32BC152D100D861A5 /* RecipeRowView.swift */; };
		5A884CD82BC1537300D861A5 /* RecipeCardView.swift in Sources */ = {isa = PBXBuildFile; fileRef = 5A884CD72BC1537300D861A5 /* RecipeCardView.swift */; };
		5A884CDD2BC1544200D861A5 /* Modifiers.swift in Sources */ = {isa = PBXBuildFile; fileRef = 5A884CDC2BC1544200D861A5 /* Modifiers.swift */; };
		5A884CDF2BC154DC00D861A5 /* MockData.swift in Sources */ = {isa = PBXBuildFile; fileRef = 5A884CDE2BC154DC00D861A5 /* MockData.swift */; };
		5A884CE12BC156F200D861A5 /* SearchDataManager.swift in Sources */ = {isa = PBXBuildFile; fileRef = 5A884CE02BC156F200D861A5 /* SearchDataManager.swift */; };
		5A884CE32BC158A400D861A5 /* RecipeDetailView.swift in Sources */ = {isa = PBXBuildFile; fileRef = 5A884CE22BC158A400D861A5 /* RecipeDetailView.swift */; };
		5A884CE52BC1598400D861A5 /* FavoriteViewModel.swift in Sources */ = {isa = PBXBuildFile; fileRef = 5A884CE42BC1598400D861A5 /* FavoriteViewModel.swift */; };
		5A884CE82BC15A1E00D861A5 /* RecipeIngredientsView.swift in Sources */ = {isa = PBXBuildFile; fileRef = 5A884CE72BC15A1E00D861A5 /* RecipeIngredientsView.swift */; };
		5A884CEA2BC15AA800D861A5 /* ShoppingListViewModel.swift in Sources */ = {isa = PBXBuildFile; fileRef = 5A884CE92BC15AA800D861A5 /* ShoppingListViewModel.swift */; };
		5A884CED2BC15B4F00D861A5 /* ImageLoaderView.swift in Sources */ = {isa = PBXBuildFile; fileRef = 5A884CEC2BC15B4F00D861A5 /* ImageLoaderView.swift */; };
		5A884CEF2BC15BF600D861A5 /* RecipeViewModel.swift in Sources */ = {isa = PBXBuildFile; fileRef = 5A884CEE2BC15BF600D861A5 /* RecipeViewModel.swift */; };
		5A884CF12BC15C2A00D861A5 /* Keys.swift in Sources */ = {isa = PBXBuildFile; fileRef = 5A884CF02BC15C2A00D861A5 /* Keys.swift */; };
		5A884CF52BC15F1600D861A5 /* InstructionsView.swift in Sources */ = {isa = PBXBuildFile; fileRef = 5A884CF42BC15F1600D861A5 /* InstructionsView.swift */; };
		5A93793B2B76E09E004A84EB /* Meal_Budget_PlannerApp.swift in Sources */ = {isa = PBXBuildFile; fileRef = 5A93793A2B76E09E004A84EB /* Meal_Budget_PlannerApp.swift */; };
		5A93793D2B76E09E004A84EB /* ContentView.swift in Sources */ = {isa = PBXBuildFile; fileRef = 5A93793C2B76E09E004A84EB /* ContentView.swift */; };
		5A93793F2B76E0A1004A84EB /* Assets.xcassets in Resources */ = {isa = PBXBuildFile; fileRef = 5A93793E2B76E0A1004A84EB /* Assets.xcassets */; };
		5A9379422B76E0A1004A84EB /* Preview Assets.xcassets in Resources */ = {isa = PBXBuildFile; fileRef = 5A9379412B76E0A1004A84EB /* Preview Assets.xcassets */; };
		5A93794C2B76E0A1004A84EB /* Meal_Budget_PlannerTests.swift in Sources */ = {isa = PBXBuildFile; fileRef = 5A93794B2B76E0A1004A84EB /* Meal_Budget_PlannerTests.swift */; };
		5A9379562B76E0A1004A84EB /* Meal_Budget_PlannerUITests.swift in Sources */ = {isa = PBXBuildFile; fileRef = 5A9379552B76E0A1004A84EB /* Meal_Budget_PlannerUITests.swift */; };
		5A9379582B76E0A1004A84EB /* Meal_Budget_PlannerUITestsLaunchTests.swift in Sources */ = {isa = PBXBuildFile; fileRef = 5A9379572B76E0A1004A84EB /* Meal_Budget_PlannerUITestsLaunchTests.swift */; };
		5A94EFB92BC51C6E00792C4D /* FirebaseAnalytics in Frameworks */ = {isa = PBXBuildFile; productRef = 5A94EFB82BC51C6E00792C4D /* FirebaseAnalytics */; };
		5A94EFC52BC51C6E00792C4D /* FirebaseAuth in Frameworks */ = {isa = PBXBuildFile; productRef = 5A94EFC42BC51C6E00792C4D /* FirebaseAuth */; };
		5A94EFCB2BC51C6E00792C4D /* FirebaseDatabase in Frameworks */ = {isa = PBXBuildFile; productRef = 5A94EFCA2BC51C6E00792C4D /* FirebaseDatabase */; };
		5A94EFCD2BC51C6E00792C4D /* FirebaseDatabaseSwift in Frameworks */ = {isa = PBXBuildFile; productRef = 5A94EFCC2BC51C6E00792C4D /* FirebaseDatabaseSwift */; };
		5A94EFEF2BC521CA00792C4D /* GoogleService-Info.plist in Resources */ = {isa = PBXBuildFile; fileRef = 5A94EFEE2BC521CA00792C4D /* GoogleService-Info.plist */; };
		5A94EFF02BC5227100792C4D /* GoogleService-Info.plist in Resources */ = {isa = PBXBuildFile; fileRef = 5A94EFEE2BC521CA00792C4D /* GoogleService-Info.plist */; };
		5A94EFF12BC5227200792C4D /* GoogleService-Info.plist in Resources */ = {isa = PBXBuildFile; fileRef = 5A94EFEE2BC521CA00792C4D /* GoogleService-Info.plist */; };
		F19C3936F3D95742A7A594F5 /* Pods_Meal_Budget_Planner.framework in Frameworks */ = {isa = PBXBuildFile; fileRef = B50189320223C0E1FCBCBB82 /* Pods_Meal_Budget_Planner.framework */; };
/* End PBXBuildFile section */

/* Begin PBXContainerItemProxy section */
		5A9379482B76E0A1004A84EB /* PBXContainerItemProxy */ = {
			isa = PBXContainerItemProxy;
			containerPortal = 5A93792F2B76E09E004A84EB /* Project object */;
			proxyType = 1;
			remoteGlobalIDString = 5A9379362B76E09E004A84EB;
			remoteInfo = "Meal Budget Planner";
		};
		5A9379522B76E0A1004A84EB /* PBXContainerItemProxy */ = {
			isa = PBXContainerItemProxy;
			containerPortal = 5A93792F2B76E09E004A84EB /* Project object */;
			proxyType = 1;
			remoteGlobalIDString = 5A9379362B76E09E004A84EB;
			remoteInfo = "Meal Budget Planner";
		};
/* End PBXContainerItemProxy section */

/* Begin PBXFileReference section */
		1538E60F5877B4E6A7F9F8DB /* Pods-Meal Budget Planner.release.xcconfig */ = {isa = PBXFileReference; includeInIndex = 1; lastKnownFileType = text.xcconfig; name = "Pods-Meal Budget Planner.release.xcconfig"; path = "Target Support Files/Pods-Meal Budget Planner/Pods-Meal Budget Planner.release.xcconfig"; sourceTree = "<group>"; };
		5A0306DA2B7ADB32000D979A /* LoginView.swift */ = {isa = PBXFileReference; lastKnownFileType = sourcecode.swift; path = LoginView.swift; sourceTree = "<group>"; };
		5A0306DC2B7ADD45000D979A /* InputView.swift */ = {isa = PBXFileReference; lastKnownFileType = sourcecode.swift; path = InputView.swift; sourceTree = "<group>"; };
		5A0306DF2B7AE052000D979A /* WelcomeView.swift */ = {isa = PBXFileReference; lastKnownFileType = sourcecode.swift; path = WelcomeView.swift; sourceTree = "<group>"; };
		5A0306E12B7AE066000D979A /* SignupView.swift */ = {isa = PBXFileReference; lastKnownFileType = sourcecode.swift; path = SignupView.swift; sourceTree = "<group>"; };
		5A0306E42B7AF302000D979A /* BudgetSelectView.swift */ = {isa = PBXFileReference; lastKnownFileType = sourcecode.swift; path = BudgetSelectView.swift; sourceTree = "<group>"; };
		5A0306E62B7AF321000D979A /* BreakfastSelectView.swift */ = {isa = PBXFileReference; lastKnownFileType = sourcecode.swift; path = BreakfastSelectView.swift; sourceTree = "<group>"; };
		5A0306E82B7AF334000D979A /* LunchSelectView.swift */ = {isa = PBXFileReference; lastKnownFileType = sourcecode.swift; path = LunchSelectView.swift; sourceTree = "<group>"; };
		5A0306EA2B7AF33E000D979A /* DinnerSelectView.swift */ = {isa = PBXFileReference; lastKnownFileType = sourcecode.swift; path = DinnerSelectView.swift; sourceTree = "<group>"; };
		5A0306F02B7AF3D6000D979A /* MyMealsView.swift */ = {isa = PBXFileReference; lastKnownFileType = sourcecode.swift; path = MyMealsView.swift; sourceTree = "<group>"; };
		5A0306F32B7B071C000D979A /* SelectBudgetButton.swift */ = {isa = PBXFileReference; lastKnownFileType = sourcecode.swift; path = SelectBudgetButton.swift; sourceTree = "<group>"; };
		5A0306FD2B7C367E000D979A /* MyAccountView.swift */ = {isa = PBXFileReference; lastKnownFileType = sourcecode.swift; path = MyAccountView.swift; sourceTree = "<group>"; };
		5A0307022B7C55D2000D979A /* CustomTabView.swift */ = {isa = PBXFileReference; lastKnownFileType = sourcecode.swift; path = CustomTabView.swift; sourceTree = "<group>"; };
		5A0307042B7C8789000D979A /* GroceryListView.swift */ = {isa = PBXFileReference; lastKnownFileType = sourcecode.swift; path = GroceryListView.swift; sourceTree = "<group>"; };
		5A0307062B7C87E0000D979A /* MyBudgetView.swift */ = {isa = PBXFileReference; lastKnownFileType = sourcecode.swift; path = MyBudgetView.swift; sourceTree = "<group>"; };
		5A03070A2B7C87FF000D979A /* ExploreView.swift */ = {isa = PBXFileReference; lastKnownFileType = sourcecode.swift; path = ExploreView.swift; sourceTree = "<group>"; };
		5A0F28A52BC5051700DD3EEC /* IngredientModel.swift */ = {isa = PBXFileReference; lastKnownFileType = sourcecode.swift; path = IngredientModel.swift; sourceTree = "<group>"; };
		5A4452DE2BA9220E00F2BCD5 /* HeaderView.swift */ = {isa = PBXFileReference; lastKnownFileType = sourcecode.swift; path = HeaderView.swift; sourceTree = "<group>"; };
		5A4452E42BA936DE00F2BCD5 /* CalendarDayView.swift */ = {isa = PBXFileReference; lastKnownFileType = sourcecode.swift; path = CalendarDayView.swift; sourceTree = "<group>"; };
		5A4452E62BA9729E00F2BCD5 /* TabBarView.swift */ = {isa = PBXFileReference; lastKnownFileType = sourcecode.swift; path = TabBarView.swift; sourceTree = "<group>"; };
		5A4452EA2BA9843D00F2BCD5 /* FirstBudgetBreakfast.swift */ = {isa = PBXFileReference; lastKnownFileType = sourcecode.swift; name = FirstBudgetBreakfast.swift; path = "Meal Budget Planner/Main Views/Home/Main Meal Screens/FirstBudgetBreakfast.swift"; sourceTree = SOURCE_ROOT; };
		5A4452EC2BAA7F4800F2BCD5 /* HomeView.swift */ = {isa = PBXFileReference; lastKnownFileType = sourcecode.swift; path = HomeView.swift; sourceTree = "<group>"; };
		5A4452EE2BAAB41D00F2BCD5 /* CalendarView.swift */ = {isa = PBXFileReference; lastKnownFileType = sourcecode.swift; path = CalendarView.swift; sourceTree = "<group>"; };
		5A4452F22BAAB70900F2BCD5 /* MealButtonView.swift */ = {isa = PBXFileReference; lastKnownFileType = sourcecode.swift; path = MealButtonView.swift; sourceTree = "<group>"; };
		5A4452FF2BAB97CF00F2BCD5 /* MealItemsView.swift */ = {isa = PBXFileReference; lastKnownFileType = sourcecode.swift; path = MealItemsView.swift; sourceTree = "<group>"; };
		5A4453022BAB9A7200F2BCD5 /* MealOptionButton.swift */ = {isa = PBXFileReference; lastKnownFileType = sourcecode.swift; path = MealOptionButton.swift; sourceTree = "<group>"; };
		5A4453052BABA6BA00F2BCD5 /* BreakfastItemsView.swift */ = {isa = PBXFileReference; lastKnownFileType = sourcecode.swift; path = BreakfastItemsView.swift; sourceTree = "<group>"; };
		5A4453072BABA73300F2BCD5 /* LunchItemsView.swift */ = {isa = PBXFileReference; lastKnownFileType = sourcecode.swift; path = LunchItemsView.swift; sourceTree = "<group>"; };
		5A4453092BABA78200F2BCD5 /* DinnerItemsView.swift */ = {isa = PBXFileReference; lastKnownFileType = sourcecode.swift; path = DinnerItemsView.swift; sourceTree = "<group>"; };
		5A6D71662BA3EA7D00442BF1 /* SignupViewModel.swift */ = {isa = PBXFileReference; lastKnownFileType = sourcecode.swift; name = SignupViewModel.swift; path = "Meal Selection/SignupViewModel.swift"; sourceTree = "<group>"; };
		5A6D71682BA3EC3A00442BF1 /* CreateAccountView.swift */ = {isa = PBXFileReference; lastKnownFileType = sourcecode.swift; path = CreateAccountView.swift; sourceTree = "<group>"; };
		5A6D716A2BA3EE3D00442BF1 /* EntryFieldView.swift */ = {isa = PBXFileReference; lastKnownFileType = sourcecode.swift; path = EntryFieldView.swift; sourceTree = "<group>"; };
		5A76F89D2BC5662A007161D2 /* BudgetSelectViewModel.swift */ = {isa = PBXFileReference; lastKnownFileType = sourcecode.swift; path = BudgetSelectViewModel.swift; sourceTree = "<group>"; };
		5A76F8A02BC56662007161D2 /* ExpandableView.swift */ = {isa = PBXFileReference; lastKnownFileType = sourcecode.swift; path = ExpandableView.swift; sourceTree = "<group>"; };
		5A76F8A22BC56672007161D2 /* ExpandedView.swift */ = {isa = PBXFileReference; lastKnownFileType = sourcecode.swift; path = ExpandedView.swift; sourceTree = "<group>"; };
		5A76F8A42BC56694007161D2 /* LoginViewModel.swift */ = {isa = PBXFileReference; lastKnownFileType = sourcecode.swift; path = LoginViewModel.swift; sourceTree = "<group>"; };
		5A76F8A62BC566D0007161D2 /* ThumbnailView.swift */ = {isa = PBXFileReference; lastKnownFileType = sourcecode.swift; path = ThumbnailView.swift; sourceTree = "<group>"; };
		5A884CC12BB76F3100D861A5 /* FavoritesView.swift */ = {isa = PBXFileReference; lastKnownFileType = sourcecode.swift; path = FavoritesView.swift; sourceTree = "<group>"; };
		5A884CCA2BC14FE400D861A5 /* ExplorePageView.swift */ = {isa = PBXFileReference; lastKnownFileType = sourcecode.swift; path = ExplorePageView.swift; sourceTree = "<group>"; };
		5A884CCD2BC1503C00D861A5 /* RecipeListViewModel.swift */ = {isa = PBXFileReference; lastKnownFileType = sourcecode.swift; path = RecipeListViewModel.swift; sourceTree = "<group>"; };
		5A884CCF2BC150DE00D861A5 /* RecipeModel.swift */ = {isa = PBXFileReference; lastKnownFileType = sourcecode.swift; path = RecipeModel.swift; sourceTree = "<group>"; };
		5A884CD12BC1522500D861A5 /* ActivityIndicator.swift */ = {isa = PBXFileReference; lastKnownFileType = sourcecode.swift; path = ActivityIndicator.swift; sourceTree = "<group>"; };
		5A884CD32BC152D100D861A5 /* RecipeRowView.swift */ = {isa = PBXFileReference; lastKnownFileType = sourcecode.swift; path = RecipeRowView.swift; sourceTree = "<group>"; };
		5A884CD72BC1537300D861A5 /* RecipeCardView.swift */ = {isa = PBXFileReference; lastKnownFileType = sourcecode.swift; path = RecipeCardView.swift; sourceTree = "<group>"; };
		5A884CDC2BC1544200D861A5 /* Modifiers.swift */ = {isa = PBXFileReference; lastKnownFileType = sourcecode.swift; path = Modifiers.swift; sourceTree = "<group>"; };
		5A884CDE2BC154DC00D861A5 /* MockData.swift */ = {isa = PBXFileReference; lastKnownFileType = sourcecode.swift; path = MockData.swift; sourceTree = "<group>"; };
		5A884CE02BC156F200D861A5 /* SearchDataManager.swift */ = {isa = PBXFileReference; lastKnownFileType = sourcecode.swift; path = SearchDataManager.swift; sourceTree = "<group>"; };
		5A884CE22BC158A400D861A5 /* RecipeDetailView.swift */ = {isa = PBXFileReference; lastKnownFileType = sourcecode.swift; path = RecipeDetailView.swift; sourceTree = "<group>"; };
		5A884CE42BC1598400D861A5 /* FavoriteViewModel.swift */ = {isa = PBXFileReference; lastKnownFileType = sourcecode.swift; path = FavoriteViewModel.swift; sourceTree = "<group>"; };
		5A884CE72BC15A1E00D861A5 /* RecipeIngredientsView.swift */ = {isa = PBXFileReference; lastKnownFileType = sourcecode.swift; path = RecipeIngredientsView.swift; sourceTree = "<group>"; };
		5A884CE92BC15AA800D861A5 /* ShoppingListViewModel.swift */ = {isa = PBXFileReference; lastKnownFileType = sourcecode.swift; path = ShoppingListViewModel.swift; sourceTree = "<group>"; };
		5A884CEC2BC15B4F00D861A5 /* ImageLoaderView.swift */ = {isa = PBXFileReference; lastKnownFileType = sourcecode.swift; path = ImageLoaderView.swift; sourceTree = "<group>"; };
		5A884CEE2BC15BF600D861A5 /* RecipeViewModel.swift */ = {isa = PBXFileReference; lastKnownFileType = sourcecode.swift; path = RecipeViewModel.swift; sourceTree = "<group>"; };
		5A884CF02BC15C2A00D861A5 /* Keys.swift */ = {isa = PBXFileReference; lastKnownFileType = sourcecode.swift; path = Keys.swift; sourceTree = "<group>"; };
		5A884CF42BC15F1600D861A5 /* InstructionsView.swift */ = {isa = PBXFileReference; lastKnownFileType = sourcecode.swift; path = InstructionsView.swift; sourceTree = "<group>"; };
		5A9379372B76E09E004A84EB /* Meal Budget Planner.app */ = {isa = PBXFileReference; explicitFileType = wrapper.application; includeInIndex = 0; path = "Meal Budget Planner.app"; sourceTree = BUILT_PRODUCTS_DIR; };
		5A93793A2B76E09E004A84EB /* Meal_Budget_PlannerApp.swift */ = {isa = PBXFileReference; lastKnownFileType = sourcecode.swift; path = Meal_Budget_PlannerApp.swift; sourceTree = "<group>"; };
		5A93793C2B76E09E004A84EB /* ContentView.swift */ = {isa = PBXFileReference; lastKnownFileType = sourcecode.swift; path = ContentView.swift; sourceTree = "<group>"; };
		5A93793E2B76E0A1004A84EB /* Assets.xcassets */ = {isa = PBXFileReference; lastKnownFileType = folder.assetcatalog; path = Assets.xcassets; sourceTree = "<group>"; };
		5A9379412B76E0A1004A84EB /* Preview Assets.xcassets */ = {isa = PBXFileReference; lastKnownFileType = folder.assetcatalog; path = "Preview Assets.xcassets"; sourceTree = "<group>"; };
		5A9379472B76E0A1004A84EB /* Meal Budget PlannerTests.xctest */ = {isa = PBXFileReference; explicitFileType = wrapper.cfbundle; includeInIndex = 0; path = "Meal Budget PlannerTests.xctest"; sourceTree = BUILT_PRODUCTS_DIR; };
		5A93794B2B76E0A1004A84EB /* Meal_Budget_PlannerTests.swift */ = {isa = PBXFileReference; lastKnownFileType = sourcecode.swift; path = Meal_Budget_PlannerTests.swift; sourceTree = "<group>"; };
		5A9379512B76E0A1004A84EB /* Meal Budget PlannerUITests.xctest */ = {isa = PBXFileReference; explicitFileType = wrapper.cfbundle; includeInIndex = 0; path = "Meal Budget PlannerUITests.xctest"; sourceTree = BUILT_PRODUCTS_DIR; };
		5A9379552B76E0A1004A84EB /* Meal_Budget_PlannerUITests.swift */ = {isa = PBXFileReference; lastKnownFileType = sourcecode.swift; path = Meal_Budget_PlannerUITests.swift; sourceTree = "<group>"; };
		5A9379572B76E0A1004A84EB /* Meal_Budget_PlannerUITestsLaunchTests.swift */ = {isa = PBXFileReference; lastKnownFileType = sourcecode.swift; path = Meal_Budget_PlannerUITestsLaunchTests.swift; sourceTree = "<group>"; };
		5A94EFEE2BC521CA00792C4D /* GoogleService-Info.plist */ = {isa = PBXFileReference; fileEncoding = 4; lastKnownFileType = text.plist.xml; name = "GoogleService-Info.plist"; path = "../../../GoogleService-Info.plist"; sourceTree = "<group>"; };
		B50189320223C0E1FCBCBB82 /* Pods_Meal_Budget_Planner.framework */ = {isa = PBXFileReference; explicitFileType = wrapper.framework; includeInIndex = 0; path = Pods_Meal_Budget_Planner.framework; sourceTree = BUILT_PRODUCTS_DIR; };
		DF644928602C802F944E8C35 /* Pods-Meal Budget Planner.debug.xcconfig */ = {isa = PBXFileReference; includeInIndex = 1; lastKnownFileType = text.xcconfig; name = "Pods-Meal Budget Planner.debug.xcconfig"; path = "Target Support Files/Pods-Meal Budget Planner/Pods-Meal Budget Planner.debug.xcconfig"; sourceTree = "<group>"; };
/* End PBXFileReference section */

/* Begin PBXFrameworksBuildPhase section */
		5A9379342B76E09E004A84EB /* Frameworks */ = {
			isa = PBXFrameworksBuildPhase;
			buildActionMask = 2147483647;
			files = (
				5A94EFCB2BC51C6E00792C4D /* FirebaseDatabase in Frameworks */,
				5A94EFB92BC51C6E00792C4D /* FirebaseAnalytics in Frameworks */,
				5A94EFC52BC51C6E00792C4D /* FirebaseAuth in Frameworks */,
				5A94EFCD2BC51C6E00792C4D /* FirebaseDatabaseSwift in Frameworks */,
				F19C3936F3D95742A7A594F5 /* Pods_Meal_Budget_Planner.framework in Frameworks */,
			);
			runOnlyForDeploymentPostprocessing = 0;
		};
		5A9379442B76E0A1004A84EB /* Frameworks */ = {
			isa = PBXFrameworksBuildPhase;
			buildActionMask = 2147483647;
			files = (
			);
			runOnlyForDeploymentPostprocessing = 0;
		};
		5A93794E2B76E0A1004A84EB /* Frameworks */ = {
			isa = PBXFrameworksBuildPhase;
			buildActionMask = 2147483647;
			files = (
			);
			runOnlyForDeploymentPostprocessing = 0;
		};
/* End PBXFrameworksBuildPhase section */

/* Begin PBXGroup section */
		0BC93A752D7424594DC7A832 /* Pods */ = {
			isa = PBXGroup;
			children = (
				DF644928602C802F944E8C35 /* Pods-Meal Budget Planner.debug.xcconfig */,
				1538E60F5877B4E6A7F9F8DB /* Pods-Meal Budget Planner.release.xcconfig */,
			);
			path = Pods;
			sourceTree = "<group>";
		};
		45F4833582A45DF024FCE00A /* Frameworks */ = {
			isa = PBXGroup;
			children = (
				B50189320223C0E1FCBCBB82 /* Pods_Meal_Budget_Planner.framework */,
			);
			name = Frameworks;
			sourceTree = "<group>";
		};
		5A0306D32B7ADA4D000D979A /* App */ = {
			isa = PBXGroup;
			children = (
				5A93793A2B76E09E004A84EB /* Meal_Budget_PlannerApp.swift */,
			);
			path = App;
			sourceTree = "<group>";
		};
		5A0306D42B7ADA68000D979A /* Components */ = {
			isa = PBXGroup;
			children = (
				5A884CC02BB7670600D861A5 /* Archive */,
				5A4452F02BAAB6AE00F2BCD5 /* Calendar */,
				5A884CEB2BC15B3E00D861A5 /* Support */,
				5A4452DE2BA9220E00F2BCD5 /* HeaderView.swift */,
			);
			path = Components;
			sourceTree = "<group>";
		};
		5A0306D52B7ADA71000D979A /* Main Views */ = {
			isa = PBXGroup;
			children = (
				5A4452E62BA9729E00F2BCD5 /* TabBarView.swift */,
				5A0F28A02BC4FCA400DD3EEC /* Grocery */,
				5A4452F62BAB824F00F2BCD5 /* Explore */,
				5A0F28A12BC4FCAB00DD3EEC /* Home */,
				5A0F28A22BC4FCB300DD3EEC /* Favorite */,
				5A0F28A32BC4FCB800DD3EEC /* Settings */,
			);
			path = "Main Views";
			sourceTree = "<group>";
		};
		5A0306D62B7ADA79000D979A /* Model */ = {
			isa = PBXGroup;
			children = (
				5A884CCF2BC150DE00D861A5 /* RecipeModel.swift */,
				5A0F28A52BC5051700DD3EEC /* IngredientModel.swift */,
			);
			path = Model;
			sourceTree = "<group>";
		};
		5A0306D72B7ADADB000D979A /* Root */ = {
			isa = PBXGroup;
			children = (
				5A93793C2B76E09E004A84EB /* ContentView.swift */,
			);
			path = Root;
			sourceTree = "<group>";
		};
		5A0306E32B7AF2B9000D979A /* Account Creation */ = {
			isa = PBXGroup;
			children = (
				5A6D71682BA3EC3A00442BF1 /* CreateAccountView.swift */,
				5A6D71662BA3EA7D00442BF1 /* SignupViewModel.swift */,
				5A6D716A2BA3EE3D00442BF1 /* EntryFieldView.swift */,
				5A0F289F2BC4FC4800DD3EEC /* Budget */,
				5A0306EC2B7AF34C000D979A /* Meal Selection */,
			);
			path = "Account Creation";
			sourceTree = "<group>";
		};
		5A0306EC2B7AF34C000D979A /* Meal Selection */ = {
			isa = PBXGroup;
			children = (
				5A0306E62B7AF321000D979A /* BreakfastSelectView.swift */,
				5A0306E82B7AF334000D979A /* LunchSelectView.swift */,
				5A0306EA2B7AF33E000D979A /* DinnerSelectView.swift */,
				5A76F89F2BC56650007161D2 /* Expandable */,
			);
			path = "Meal Selection";
			sourceTree = "<group>";
		};
		5A0F289E2BC4FC0600DD3EEC /* Starting Views */ = {
			isa = PBXGroup;
			children = (
				5A0306DF2B7AE052000D979A /* WelcomeView.swift */,
				5A884CF82BC164F600D861A5 /* Log In */,
				5A0306E32B7AF2B9000D979A /* Account Creation */,
			);
			path = "Starting Views";
			sourceTree = "<group>";
		};
		5A0F289F2BC4FC4800DD3EEC /* Budget */ = {
			isa = PBXGroup;
			children = (
				5A0306F32B7B071C000D979A /* SelectBudgetButton.swift */,
				5A0306E42B7AF302000D979A /* BudgetSelectView.swift */,
				5A76F89D2BC5662A007161D2 /* BudgetSelectViewModel.swift */,
			);
			path = Budget;
			sourceTree = "<group>";
		};
		5A0F28A02BC4FCA400DD3EEC /* Grocery */ = {
			isa = PBXGroup;
			children = (
				5A0307042B7C8789000D979A /* GroceryListView.swift */,
			);
			path = Grocery;
			sourceTree = "<group>";
		};
		5A0F28A12BC4FCAB00DD3EEC /* Home */ = {
			isa = PBXGroup;
			children = (
				5A4452EC2BAA7F4800F2BCD5 /* HomeView.swift */,
				5A0F28A42BC4FCD500DD3EEC /* Main Meal Screens */,
			);
			path = Home;
			sourceTree = "<group>";
		};
		5A0F28A22BC4FCB300DD3EEC /* Favorite */ = {
			isa = PBXGroup;
			children = (
				5A884CC12BB76F3100D861A5 /* FavoritesView.swift */,
			);
			path = Favorite;
			sourceTree = "<group>";
		};
		5A0F28A32BC4FCB800DD3EEC /* Settings */ = {
			isa = PBXGroup;
			children = (
				5A0306FD2B7C367E000D979A /* MyAccountView.swift */,
			);
			path = Settings;
			sourceTree = "<group>";
		};
		5A0F28A42BC4FCD500DD3EEC /* Main Meal Screens */ = {
			isa = PBXGroup;
			children = (
				5A4452F22BAAB70900F2BCD5 /* MealButtonView.swift */,
				5A4452EA2BA9843D00F2BCD5 /* FirstBudgetBreakfast.swift */,
			);
			path = "Main Meal Screens";
			sourceTree = "<group>";
		};
		5A4452F02BAAB6AE00F2BCD5 /* Calendar */ = {
			isa = PBXGroup;
			children = (
				5A4452EE2BAAB41D00F2BCD5 /* CalendarView.swift */,
				5A4452E42BA936DE00F2BCD5 /* CalendarDayView.swift */,
			);
			path = Calendar;
			sourceTree = "<group>";
		};
		5A4452F62BAB824F00F2BCD5 /* Explore */ = {
			isa = PBXGroup;
			children = (
				5A03070A2B7C87FF000D979A /* ExploreView.swift */,
				5A884CCA2BC14FE400D861A5 /* ExplorePageView.swift */,
				5A884CD72BC1537300D861A5 /* RecipeCardView.swift */,
				5A884CD32BC152D100D861A5 /* RecipeRowView.swift */,
				5A884CE22BC158A400D861A5 /* RecipeDetailView.swift */,
				5A4452FF2BAB97CF00F2BCD5 /* MealItemsView.swift */,
				5A884CE62BC159F900D861A5 /* Recipes */,
				5A4453042BABA68B00F2BCD5 /* MealCategoryViews */,
				5A4453022BAB9A7200F2BCD5 /* MealOptionButton.swift */,
			);
			path = Explore;
			sourceTree = "<group>";
		};
		5A4453042BABA68B00F2BCD5 /* MealCategoryViews */ = {
			isa = PBXGroup;
			children = (
				5A4453052BABA6BA00F2BCD5 /* BreakfastItemsView.swift */,
				5A4453072BABA73300F2BCD5 /* LunchItemsView.swift */,
				5A4453092BABA78200F2BCD5 /* DinnerItemsView.swift */,
			);
			path = MealCategoryViews;
			sourceTree = "<group>";
		};
		5A76F89F2BC56650007161D2 /* Expandable */ = {
			isa = PBXGroup;
			children = (
				5A76F8A02BC56662007161D2 /* ExpandableView.swift */,
				5A76F8A62BC566D0007161D2 /* ThumbnailView.swift */,
				5A76F8A22BC56672007161D2 /* ExpandedView.swift */,
			);
			path = Expandable;
			sourceTree = "<group>";
		};
		5A884CC02BB7670600D861A5 /* Archive */ = {
			isa = PBXGroup;
			children = (
				5A0306E12B7AE066000D979A /* SignupView.swift */,
				5A0306F02B7AF3D6000D979A /* MyMealsView.swift */,
				5A0307062B7C87E0000D979A /* MyBudgetView.swift */,
				5A0307022B7C55D2000D979A /* CustomTabView.swift */,
			);
			path = Archive;
			sourceTree = "<group>";
		};
		5A884CCC2BC14FF900D861A5 /* ViewModel */ = {
			isa = PBXGroup;
			children = (
				5A884CCD2BC1503C00D861A5 /* RecipeListViewModel.swift */,
				5A884CEE2BC15BF600D861A5 /* RecipeViewModel.swift */,
				5A884CE42BC1598400D861A5 /* FavoriteViewModel.swift */,
				5A884CE92BC15AA800D861A5 /* ShoppingListViewModel.swift */,
			);
			path = ViewModel;
			sourceTree = "<group>";
		};
		5A884CDB2BC1540300D861A5 /* Utils */ = {
			isa = PBXGroup;
			children = (
				5A884CDC2BC1544200D861A5 /* Modifiers.swift */,
				5A884CE02BC156F200D861A5 /* SearchDataManager.swift */,
				5A884CDE2BC154DC00D861A5 /* MockData.swift */,
				5A884CF02BC15C2A00D861A5 /* Keys.swift */,
			);
			path = Utils;
			sourceTree = "<group>";
		};
		5A884CE62BC159F900D861A5 /* Recipes */ = {
			isa = PBXGroup;
			children = (
				5A884CE72BC15A1E00D861A5 /* RecipeIngredientsView.swift */,
				5A884CF42BC15F1600D861A5 /* InstructionsView.swift */,
			);
			path = Recipes;
			sourceTree = "<group>";
		};
		5A884CEB2BC15B3E00D861A5 /* Support */ = {
			isa = PBXGroup;
			children = (
				5A884CEC2BC15B4F00D861A5 /* ImageLoaderView.swift */,
				5A884CD12BC1522500D861A5 /* ActivityIndicator.swift */,
			);
			path = Support;
			sourceTree = "<group>";
		};
		5A884CF82BC164F600D861A5 /* Log In */ = {
			isa = PBXGroup;
			children = (
				5A0306DA2B7ADB32000D979A /* LoginView.swift */,
				5A76F8A42BC56694007161D2 /* LoginViewModel.swift */,
				5A0306DC2B7ADD45000D979A /* InputView.swift */,
			);
			path = "Log In";
			sourceTree = "<group>";
		};
		5A93792E2B76E09E004A84EB = {
			isa = PBXGroup;
			children = (
				5A9379392B76E09E004A84EB /* Meal Budget Planner */,
				5A93794A2B76E0A1004A84EB /* Meal Budget PlannerTests */,
				5A9379542B76E0A1004A84EB /* Meal Budget PlannerUITests */,
				5A9379382B76E09E004A84EB /* Products */,
				0BC93A752D7424594DC7A832 /* Pods */,
				45F4833582A45DF024FCE00A /* Frameworks */,
			);
			sourceTree = "<group>";
		};
		5A9379382B76E09E004A84EB /* Products */ = {
			isa = PBXGroup;
			children = (
				5A9379372B76E09E004A84EB /* Meal Budget Planner.app */,
				5A9379472B76E0A1004A84EB /* Meal Budget PlannerTests.xctest */,
				5A9379512B76E0A1004A84EB /* Meal Budget PlannerUITests.xctest */,
			);
			name = Products;
			sourceTree = "<group>";
		};
		5A9379392B76E09E004A84EB /* Meal Budget Planner */ = {
			isa = PBXGroup;
			children = (
				5A0306D32B7ADA4D000D979A /* App */,
				5A884CDB2BC1540300D861A5 /* Utils */,
				5A0306D42B7ADA68000D979A /* Components */,
				5A0F289E2BC4FC0600DD3EEC /* Starting Views */,
				5A0306D52B7ADA71000D979A /* Main Views */,
				5A0306D72B7ADADB000D979A /* Root */,
				5A0306D62B7ADA79000D979A /* Model */,
				5A884CCC2BC14FF900D861A5 /* ViewModel */,
				5A93793E2B76E0A1004A84EB /* Assets.xcassets */,
				5A9379402B76E0A1004A84EB /* Preview Content */,
				5A94EFEE2BC521CA00792C4D /* GoogleService-Info.plist */,
			);
			path = "Meal Budget Planner";
			sourceTree = "<group>";
		};
		5A9379402B76E0A1004A84EB /* Preview Content */ = {
			isa = PBXGroup;
			children = (
				5A9379412B76E0A1004A84EB /* Preview Assets.xcassets */,
			);
			path = "Preview Content";
			sourceTree = "<group>";
		};
		5A93794A2B76E0A1004A84EB /* Meal Budget PlannerTests */ = {
			isa = PBXGroup;
			children = (
				5A93794B2B76E0A1004A84EB /* Meal_Budget_PlannerTests.swift */,
			);
			path = "Meal Budget PlannerTests";
			sourceTree = "<group>";
		};
		5A9379542B76E0A1004A84EB /* Meal Budget PlannerUITests */ = {
			isa = PBXGroup;
			children = (
				5A9379552B76E0A1004A84EB /* Meal_Budget_PlannerUITests.swift */,
				5A9379572B76E0A1004A84EB /* Meal_Budget_PlannerUITestsLaunchTests.swift */,
			);
			path = "Meal Budget PlannerUITests";
			sourceTree = "<group>";
		};
/* End PBXGroup section */

/* Begin PBXNativeTarget section */
		5A9379362B76E09E004A84EB /* Meal Budget Planner */ = {
			isa = PBXNativeTarget;
			buildConfigurationList = 5A93795B2B76E0A1004A84EB /* Build configuration list for PBXNativeTarget "Meal Budget Planner" */;
			buildPhases = (
				B708A021205641E6C280F2F4 /* [CP] Check Pods Manifest.lock */,
				5A9379332B76E09E004A84EB /* Sources */,
				5A9379342B76E09E004A84EB /* Frameworks */,
				5A9379352B76E09E004A84EB /* Resources */,
				C2867F9BE272DFDAE827FAB3 /* [CP] Embed Pods Frameworks */,
			);
			buildRules = (
			);
			dependencies = (
			);
			name = "Meal Budget Planner";
			packageProductDependencies = (
				5A94EFB82BC51C6E00792C4D /* FirebaseAnalytics */,
				5A94EFC42BC51C6E00792C4D /* FirebaseAuth */,
				5A94EFCA2BC51C6E00792C4D /* FirebaseDatabase */,
				5A94EFCC2BC51C6E00792C4D /* FirebaseDatabaseSwift */,
			);
			productName = "Meal Budget Planner";
			productReference = 5A9379372B76E09E004A84EB /* Meal Budget Planner.app */;
			productType = "com.apple.product-type.application";
		};
		5A9379462B76E0A1004A84EB /* Meal Budget PlannerTests */ = {
			isa = PBXNativeTarget;
			buildConfigurationList = 5A93795E2B76E0A1004A84EB /* Build configuration list for PBXNativeTarget "Meal Budget PlannerTests" */;
			buildPhases = (
				5A9379432B76E0A1004A84EB /* Sources */,
				5A9379442B76E0A1004A84EB /* Frameworks */,
				5A9379452B76E0A1004A84EB /* Resources */,
			);
			buildRules = (
			);
			dependencies = (
				5A9379492B76E0A1004A84EB /* PBXTargetDependency */,
			);
			name = "Meal Budget PlannerTests";
			productName = "Meal Budget PlannerTests";
			productReference = 5A9379472B76E0A1004A84EB /* Meal Budget PlannerTests.xctest */;
			productType = "com.apple.product-type.bundle.unit-test";
		};
		5A9379502B76E0A1004A84EB /* Meal Budget PlannerUITests */ = {
			isa = PBXNativeTarget;
			buildConfigurationList = 5A9379612B76E0A1004A84EB /* Build configuration list for PBXNativeTarget "Meal Budget PlannerUITests" */;
			buildPhases = (
				5A93794D2B76E0A1004A84EB /* Sources */,
				5A93794E2B76E0A1004A84EB /* Frameworks */,
				5A93794F2B76E0A1004A84EB /* Resources */,
			);
			buildRules = (
			);
			dependencies = (
				5A9379532B76E0A1004A84EB /* PBXTargetDependency */,
			);
			name = "Meal Budget PlannerUITests";
			productName = "Meal Budget PlannerUITests";
			productReference = 5A9379512B76E0A1004A84EB /* Meal Budget PlannerUITests.xctest */;
			productType = "com.apple.product-type.bundle.ui-testing";
		};
/* End PBXNativeTarget section */

/* Begin PBXProject section */
		5A93792F2B76E09E004A84EB /* Project object */ = {
			isa = PBXProject;
			attributes = {
				BuildIndependentTargetsInParallel = 1;
				LastSwiftUpdateCheck = 1340;
				LastUpgradeCheck = 1340;
				TargetAttributes = {
					5A9379362B76E09E004A84EB = {
						CreatedOnToolsVersion = 13.4.1;
					};
					5A9379462B76E0A1004A84EB = {
						CreatedOnToolsVersion = 13.4.1;
						TestTargetID = 5A9379362B76E09E004A84EB;
					};
					5A9379502B76E0A1004A84EB = {
						CreatedOnToolsVersion = 13.4.1;
						TestTargetID = 5A9379362B76E09E004A84EB;
					};
				};
			};
			buildConfigurationList = 5A9379322B76E09E004A84EB /* Build configuration list for PBXProject "Meal Budget Planner" */;
			compatibilityVersion = "Xcode 13.0";
			developmentRegion = en;
			hasScannedForEncodings = 0;
			knownRegions = (
				en,
				Base,
			);
			mainGroup = 5A93792E2B76E09E004A84EB;
			packageReferences = (
				5A94EFB72BC5171200792C4D /* XCRemoteSwiftPackageReference "firebase-ios-sdk" */,
			);
			productRefGroup = 5A9379382B76E09E004A84EB /* Products */;
			projectDirPath = "";
			projectRoot = "";
			targets = (
				5A9379362B76E09E004A84EB /* Meal Budget Planner */,
				5A9379462B76E0A1004A84EB /* Meal Budget PlannerTests */,
				5A9379502B76E0A1004A84EB /* Meal Budget PlannerUITests */,
			);
		};
/* End PBXProject section */

/* Begin PBXResourcesBuildPhase section */
		5A9379352B76E09E004A84EB /* Resources */ = {
			isa = PBXResourcesBuildPhase;
			buildActionMask = 2147483647;
			files = (
				5A9379422B76E0A1004A84EB /* Preview Assets.xcassets in Resources */,
				5A93793F2B76E0A1004A84EB /* Assets.xcassets in Resources */,
				5A94EFEF2BC521CA00792C4D /* GoogleService-Info.plist in Resources */,
			);
			runOnlyForDeploymentPostprocessing = 0;
		};
		5A9379452B76E0A1004A84EB /* Resources */ = {
			isa = PBXResourcesBuildPhase;
			buildActionMask = 2147483647;
			files = (
				5A94EFF02BC5227100792C4D /* GoogleService-Info.plist in Resources */,
			);
			runOnlyForDeploymentPostprocessing = 0;
		};
		5A93794F2B76E0A1004A84EB /* Resources */ = {
			isa = PBXResourcesBuildPhase;
			buildActionMask = 2147483647;
			files = (
				5A94EFF12BC5227200792C4D /* GoogleService-Info.plist in Resources */,
			);
			runOnlyForDeploymentPostprocessing = 0;
		};
/* End PBXResourcesBuildPhase section */

/* Begin PBXShellScriptBuildPhase section */
		B708A021205641E6C280F2F4 /* [CP] Check Pods Manifest.lock */ = {
			isa = PBXShellScriptBuildPhase;
			buildActionMask = 2147483647;
			files = (
			);
			inputFileListPaths = (
			);
			inputPaths = (
				"${PODS_PODFILE_DIR_PATH}/Podfile.lock",
				"${PODS_ROOT}/Manifest.lock",
			);
			name = "[CP] Check Pods Manifest.lock";
			outputFileListPaths = (
			);
			outputPaths = (
				"$(DERIVED_FILE_DIR)/Pods-Meal Budget Planner-checkManifestLockResult.txt",
			);
			runOnlyForDeploymentPostprocessing = 0;
			shellPath = /bin/sh;
			shellScript = "diff \"${PODS_PODFILE_DIR_PATH}/Podfile.lock\" \"${PODS_ROOT}/Manifest.lock\" > /dev/null\nif [ $? != 0 ] ; then\n    # print error to STDERR\n    echo \"error: The sandbox is not in sync with the Podfile.lock. Run 'pod install' or update your CocoaPods installation.\" >&2\n    exit 1\nfi\n# This output is used by Xcode 'outputs' to avoid re-running this script phase.\necho \"SUCCESS\" > \"${SCRIPT_OUTPUT_FILE_0}\"\n";
			showEnvVarsInLog = 0;
		};
		C2867F9BE272DFDAE827FAB3 /* [CP] Embed Pods Frameworks */ = {
			isa = PBXShellScriptBuildPhase;
			buildActionMask = 2147483647;
			files = (
			);
			inputFileListPaths = (
				"${PODS_ROOT}/Target Support Files/Pods-Meal Budget Planner/Pods-Meal Budget Planner-frameworks-${CONFIGURATION}-input-files.xcfilelist",
			);
			name = "[CP] Embed Pods Frameworks";
			outputFileListPaths = (
				"${PODS_ROOT}/Target Support Files/Pods-Meal Budget Planner/Pods-Meal Budget Planner-frameworks-${CONFIGURATION}-output-files.xcfilelist",
			);
			runOnlyForDeploymentPostprocessing = 0;
			shellPath = /bin/sh;
			shellScript = "\"${PODS_ROOT}/Target Support Files/Pods-Meal Budget Planner/Pods-Meal Budget Planner-frameworks.sh\"\n";
			showEnvVarsInLog = 0;
		};
/* End PBXShellScriptBuildPhase section */

/* Begin PBXSourcesBuildPhase section */
		5A9379332B76E09E004A84EB /* Sources */ = {
			isa = PBXSourcesBuildPhase;
			buildActionMask = 2147483647;
			files = (
				5A0306E52B7AF303000D979A /* BudgetSelectView.swift in Sources */,
				5A76F8A12BC56662007161D2 /* ExpandableView.swift in Sources */,
				5A4452E72BA9729E00F2BCD5 /* TabBarView.swift in Sources */,
				5A884CCB2BC14FE400D861A5 /* ExplorePageView.swift in Sources */,
				5A884CED2BC15B4F00D861A5 /* ImageLoaderView.swift in Sources */,
				5A76F8A72BC566D0007161D2 /* ThumbnailView.swift in Sources */,
				5A4453032BAB9A7200F2BCD5 /* MealOptionButton.swift in Sources */,
				5A0F28A62BC5051700DD3EEC /* IngredientModel.swift in Sources */,
				5A6D71692BA3EC3A00442BF1 /* CreateAccountView.swift in Sources */,
				5A0306E22B7AE066000D979A /* SignupView.swift in Sources */,
				5A884CF52BC15F1600D861A5 /* InstructionsView.swift in Sources */,
				5A0306E72B7AF321000D979A /* BreakfastSelectView.swift in Sources */,
				5A4452F32BAAB70900F2BCD5 /* MealButtonView.swift in Sources */,
				5A4453082BABA73300F2BCD5 /* LunchItemsView.swift in Sources */,
				5A884CDF2BC154DC00D861A5 /* MockData.swift in Sources */,
				5A76F89E2BC5662A007161D2 /* BudgetSelectViewModel.swift in Sources */,
				5A0306F12B7AF3D6000D979A /* MyMealsView.swift in Sources */,
				5A0306FE2B7C367E000D979A /* MyAccountView.swift in Sources */,
				5A884CDD2BC1544200D861A5 /* Modifiers.swift in Sources */,
				5A4452E52BA936DE00F2BCD5 /* CalendarDayView.swift in Sources */,
				5A0306E02B7AE052000D979A /* WelcomeView.swift in Sources */,
				5A4453002BAB97CF00F2BCD5 /* MealItemsView.swift in Sources */,
				5A884CF12BC15C2A00D861A5 /* Keys.swift in Sources */,
				5A884CD82BC1537300D861A5 /* RecipeCardView.swift in Sources */,
				5A76F8A32BC56672007161D2 /* ExpandedView.swift in Sources */,
				5A93793D2B76E09E004A84EB /* ContentView.swift in Sources */,
				5A6D716B2BA3EE3D00442BF1 /* EntryFieldView.swift in Sources */,
				5A03070B2B7C87FF000D979A /* ExploreView.swift in Sources */,
				5A4452ED2BAA7F4800F2BCD5 /* HomeView.swift in Sources */,
				5A0306F42B7B071C000D979A /* SelectBudgetButton.swift in Sources */,
				5A0306DD2B7ADD45000D979A /* InputView.swift in Sources */,
				5A4452EB2BA9843D00F2BCD5 /* FirstBudgetBreakfast.swift in Sources */,
				5A0306DB2B7ADB32000D979A /* LoginView.swift in Sources */,
				5A4453062BABA6BA00F2BCD5 /* BreakfastItemsView.swift in Sources */,
				5A0307052B7C8789000D979A /* GroceryListView.swift in Sources */,
				5A4452DF2BA9220E00F2BCD5 /* HeaderView.swift in Sources */,
				5A4452EF2BAAB41E00F2BCD5 /* CalendarView.swift in Sources */,
				5A884CCE2BC1503C00D861A5 /* RecipeListViewModel.swift in Sources */,
				5A0306E92B7AF334000D979A /* LunchSelectView.swift in Sources */,
				5A884CE12BC156F200D861A5 /* SearchDataManager.swift in Sources */,
				5A0306EB2B7AF33E000D979A /* DinnerSelectView.swift in Sources */,
				5A44530A2BABA78200F2BCD5 /* DinnerItemsView.swift in Sources */,
				5A884CC22BB76F3100D861A5 /* FavoritesView.swift in Sources */,
				5A884CEF2BC15BF600D861A5 /* RecipeViewModel.swift in Sources */,
				5A6D71672BA3EA7D00442BF1 /* SignupViewModel.swift in Sources */,
				5A884CE82BC15A1E00D861A5 /* RecipeIngredientsView.swift in Sources */,
				5A884CE32BC158A400D861A5 /* RecipeDetailView.swift in Sources */,
				5A76F8A52BC56694007161D2 /* LoginViewModel.swift in Sources */,
				5A93793B2B76E09E004A84EB /* Meal_Budget_PlannerApp.swift in Sources */,
				5A0307032B7C55D2000D979A /* CustomTabView.swift in Sources */,
				5A0307072B7C87E0000D979A /* MyBudgetView.swift in Sources */,
				5A884CD22BC1522500D861A5 /* ActivityIndicator.swift in Sources */,
				5A884CD02BC150DE00D861A5 /* RecipeModel.swift in Sources */,
				5A884CE52BC1598400D861A5 /* FavoriteViewModel.swift in Sources */,
				5A884CEA2BC15AA800D861A5 /* ShoppingListViewModel.swift in Sources */,
				5A884CD42BC152D100D861A5 /* RecipeRowView.swift in Sources */,
			);
			runOnlyForDeploymentPostprocessing = 0;
		};
		5A9379432B76E0A1004A84EB /* Sources */ = {
			isa = PBXSourcesBuildPhase;
			buildActionMask = 2147483647;
			files = (
				5A93794C2B76E0A1004A84EB /* Meal_Budget_PlannerTests.swift in Sources */,
			);
			runOnlyForDeploymentPostprocessing = 0;
		};
		5A93794D2B76E0A1004A84EB /* Sources */ = {
			isa = PBXSourcesBuildPhase;
			buildActionMask = 2147483647;
			files = (
				5A9379562B76E0A1004A84EB /* Meal_Budget_PlannerUITests.swift in Sources */,
				5A9379582B76E0A1004A84EB /* Meal_Budget_PlannerUITestsLaunchTests.swift in Sources */,
			);
			runOnlyForDeploymentPostprocessing = 0;
		};
/* End PBXSourcesBuildPhase section */

/* Begin PBXTargetDependency section */
		5A9379492B76E0A1004A84EB /* PBXTargetDependency */ = {
			isa = PBXTargetDependency;
			target = 5A9379362B76E09E004A84EB /* Meal Budget Planner */;
			targetProxy = 5A9379482B76E0A1004A84EB /* PBXContainerItemProxy */;
		};
		5A9379532B76E0A1004A84EB /* PBXTargetDependency */ = {
			isa = PBXTargetDependency;
			target = 5A9379362B76E09E004A84EB /* Meal Budget Planner */;
			targetProxy = 5A9379522B76E0A1004A84EB /* PBXContainerItemProxy */;
		};
/* End PBXTargetDependency section */

/* Begin XCBuildConfiguration section */
		5A9379592B76E0A1004A84EB /* Debug */ = {
			isa = XCBuildConfiguration;
			buildSettings = {
				ALWAYS_SEARCH_USER_PATHS = NO;
				CLANG_ANALYZER_NONNULL = YES;
				CLANG_ANALYZER_NUMBER_OBJECT_CONVERSION = YES_AGGRESSIVE;
				CLANG_CXX_LANGUAGE_STANDARD = "gnu++17";
				CLANG_ENABLE_MODULES = YES;
				CLANG_ENABLE_OBJC_ARC = YES;
				CLANG_ENABLE_OBJC_WEAK = YES;
				CLANG_WARN_BLOCK_CAPTURE_AUTORELEASING = YES;
				CLANG_WARN_BOOL_CONVERSION = YES;
				CLANG_WARN_COMMA = YES;
				CLANG_WARN_CONSTANT_CONVERSION = YES;
				CLANG_WARN_DEPRECATED_OBJC_IMPLEMENTATIONS = YES;
				CLANG_WARN_DIRECT_OBJC_ISA_USAGE = YES_ERROR;
				CLANG_WARN_DOCUMENTATION_COMMENTS = YES;
				CLANG_WARN_EMPTY_BODY = YES;
				CLANG_WARN_ENUM_CONVERSION = YES;
				CLANG_WARN_INFINITE_RECURSION = YES;
				CLANG_WARN_INT_CONVERSION = YES;
				CLANG_WARN_NON_LITERAL_NULL_CONVERSION = YES;
				CLANG_WARN_OBJC_IMPLICIT_RETAIN_SELF = YES;
				CLANG_WARN_OBJC_LITERAL_CONVERSION = YES;
				CLANG_WARN_OBJC_ROOT_CLASS = YES_ERROR;
				CLANG_WARN_QUOTED_INCLUDE_IN_FRAMEWORK_HEADER = YES;
				CLANG_WARN_RANGE_LOOP_ANALYSIS = YES;
				CLANG_WARN_STRICT_PROTOTYPES = YES;
				CLANG_WARN_SUSPICIOUS_MOVE = YES;
				CLANG_WARN_UNGUARDED_AVAILABILITY = YES_AGGRESSIVE;
				CLANG_WARN_UNREACHABLE_CODE = YES;
				CLANG_WARN__DUPLICATE_METHOD_MATCH = YES;
				COPY_PHASE_STRIP = NO;
				DEBUG_INFORMATION_FORMAT = dwarf;
				ENABLE_STRICT_OBJC_MSGSEND = YES;
				ENABLE_TESTABILITY = YES;
				GCC_C_LANGUAGE_STANDARD = gnu11;
				GCC_DYNAMIC_NO_PIC = NO;
				GCC_NO_COMMON_BLOCKS = YES;
				GCC_OPTIMIZATION_LEVEL = 0;
				GCC_PREPROCESSOR_DEFINITIONS = (
					"DEBUG=1",
					"$(inherited)",
				);
				GCC_WARN_64_TO_32_BIT_CONVERSION = YES;
				GCC_WARN_ABOUT_RETURN_TYPE = YES_ERROR;
				GCC_WARN_UNDECLARED_SELECTOR = YES;
				GCC_WARN_UNINITIALIZED_AUTOS = YES_AGGRESSIVE;
				GCC_WARN_UNUSED_FUNCTION = YES;
				GCC_WARN_UNUSED_VARIABLE = YES;
				IPHONEOS_DEPLOYMENT_TARGET = 15.1;
				MTL_ENABLE_DEBUG_INFO = INCLUDE_SOURCE;
				MTL_FAST_MATH = YES;
				ONLY_ACTIVE_ARCH = YES;
				SDKROOT = iphoneos;
				SWIFT_ACTIVE_COMPILATION_CONDITIONS = DEBUG;
				SWIFT_OPTIMIZATION_LEVEL = "-Onone";
			};
			name = Debug;
		};
		5A93795A2B76E0A1004A84EB /* Release */ = {
			isa = XCBuildConfiguration;
			buildSettings = {
				ALWAYS_SEARCH_USER_PATHS = NO;
				CLANG_ANALYZER_NONNULL = YES;
				CLANG_ANALYZER_NUMBER_OBJECT_CONVERSION = YES_AGGRESSIVE;
				CLANG_CXX_LANGUAGE_STANDARD = "gnu++17";
				CLANG_ENABLE_MODULES = YES;
				CLANG_ENABLE_OBJC_ARC = YES;
				CLANG_ENABLE_OBJC_WEAK = YES;
				CLANG_WARN_BLOCK_CAPTURE_AUTORELEASING = YES;
				CLANG_WARN_BOOL_CONVERSION = YES;
				CLANG_WARN_COMMA = YES;
				CLANG_WARN_CONSTANT_CONVERSION = YES;
				CLANG_WARN_DEPRECATED_OBJC_IMPLEMENTATIONS = YES;
				CLANG_WARN_DIRECT_OBJC_ISA_USAGE = YES_ERROR;
				CLANG_WARN_DOCUMENTATION_COMMENTS = YES;
				CLANG_WARN_EMPTY_BODY = YES;
				CLANG_WARN_ENUM_CONVERSION = YES;
				CLANG_WARN_INFINITE_RECURSION = YES;
				CLANG_WARN_INT_CONVERSION = YES;
				CLANG_WARN_NON_LITERAL_NULL_CONVERSION = YES;
				CLANG_WARN_OBJC_IMPLICIT_RETAIN_SELF = YES;
				CLANG_WARN_OBJC_LITERAL_CONVERSION = YES;
				CLANG_WARN_OBJC_ROOT_CLASS = YES_ERROR;
				CLANG_WARN_QUOTED_INCLUDE_IN_FRAMEWORK_HEADER = YES;
				CLANG_WARN_RANGE_LOOP_ANALYSIS = YES;
				CLANG_WARN_STRICT_PROTOTYPES = YES;
				CLANG_WARN_SUSPICIOUS_MOVE = YES;
				CLANG_WARN_UNGUARDED_AVAILABILITY = YES_AGGRESSIVE;
				CLANG_WARN_UNREACHABLE_CODE = YES;
				CLANG_WARN__DUPLICATE_METHOD_MATCH = YES;
				COPY_PHASE_STRIP = NO;
				DEBUG_INFORMATION_FORMAT = "dwarf-with-dsym";
				ENABLE_NS_ASSERTIONS = NO;
				ENABLE_STRICT_OBJC_MSGSEND = YES;
				GCC_C_LANGUAGE_STANDARD = gnu11;
				GCC_NO_COMMON_BLOCKS = YES;
				GCC_WARN_64_TO_32_BIT_CONVERSION = YES;
				GCC_WARN_ABOUT_RETURN_TYPE = YES_ERROR;
				GCC_WARN_UNDECLARED_SELECTOR = YES;
				GCC_WARN_UNINITIALIZED_AUTOS = YES_AGGRESSIVE;
				GCC_WARN_UNUSED_FUNCTION = YES;
				GCC_WARN_UNUSED_VARIABLE = YES;
				IPHONEOS_DEPLOYMENT_TARGET = 15.1;
				MTL_ENABLE_DEBUG_INFO = NO;
				MTL_FAST_MATH = YES;
				SDKROOT = iphoneos;
				SWIFT_COMPILATION_MODE = wholemodule;
				SWIFT_OPTIMIZATION_LEVEL = "-O";
				VALIDATE_PRODUCT = YES;
			};
			name = Release;
		};
		5A93795C2B76E0A1004A84EB /* Debug */ = {
			isa = XCBuildConfiguration;
			baseConfigurationReference = DF644928602C802F944E8C35 /* Pods-Meal Budget Planner.debug.xcconfig */;
			buildSettings = {
				ASSETCATALOG_COMPILER_APPICON_NAME = AppIcon;
				ASSETCATALOG_COMPILER_GLOBAL_ACCENT_COLOR_NAME = AccentColor;
				CODE_SIGN_STYLE = Automatic;
				CURRENT_PROJECT_VERSION = 1;
				DEVELOPMENT_ASSET_PATHS = "\"Meal Budget Planner/Preview Content\"";
				ENABLE_PREVIEWS = YES;
				GENERATE_INFOPLIST_FILE = YES;
				INFOPLIST_KEY_UIApplicationSceneManifest_Generation = YES;
				INFOPLIST_KEY_UIApplicationSupportsIndirectInputEvents = YES;
				INFOPLIST_KEY_UILaunchScreen_Generation = YES;
				INFOPLIST_KEY_UISupportedInterfaceOrientations_iPad = "UIInterfaceOrientationPortrait UIInterfaceOrientationPortraitUpsideDown UIInterfaceOrientationLandscapeLeft UIInterfaceOrientationLandscapeRight";
				INFOPLIST_KEY_UISupportedInterfaceOrientations_iPhone = "UIInterfaceOrientationPortrait UIInterfaceOrientationLandscapeLeft UIInterfaceOrientationLandscapeRight";
				LD_RUNPATH_SEARCH_PATHS = (
					"$(inherited)",
					"@executable_path/Frameworks",
				);
				MARKETING_VERSION = 1.0;
				OTHER_LDFLAGS = "$(inherited)";
				PRODUCT_BUNDLE_IDENTIFIER = "CSCI440.Meal-Budget-Planner";
				PRODUCT_NAME = "$(TARGET_NAME)";
				SWIFT_EMIT_LOC_STRINGS = YES;
				SWIFT_VERSION = 5.0;
				TARGETED_DEVICE_FAMILY = "1,2";
			};
			name = Debug;
		};
		5A93795D2B76E0A1004A84EB /* Release */ = {
			isa = XCBuildConfiguration;
			baseConfigurationReference = 1538E60F5877B4E6A7F9F8DB /* Pods-Meal Budget Planner.release.xcconfig */;
			buildSettings = {
				ASSETCATALOG_COMPILER_APPICON_NAME = AppIcon;
				ASSETCATALOG_COMPILER_GLOBAL_ACCENT_COLOR_NAME = AccentColor;
				CODE_SIGN_STYLE = Automatic;
				CURRENT_PROJECT_VERSION = 1;
				DEVELOPMENT_ASSET_PATHS = "\"Meal Budget Planner/Preview Content\"";
				ENABLE_PREVIEWS = YES;
				GENERATE_INFOPLIST_FILE = YES;
				INFOPLIST_KEY_UIApplicationSceneManifest_Generation = YES;
				INFOPLIST_KEY_UIApplicationSupportsIndirectInputEvents = YES;
				INFOPLIST_KEY_UILaunchScreen_Generation = YES;
				INFOPLIST_KEY_UISupportedInterfaceOrientations_iPad = "UIInterfaceOrientationPortrait UIInterfaceOrientationPortraitUpsideDown UIInterfaceOrientationLandscapeLeft UIInterfaceOrientationLandscapeRight";
				INFOPLIST_KEY_UISupportedInterfaceOrientations_iPhone = "UIInterfaceOrientationPortrait UIInterfaceOrientationLandscapeLeft UIInterfaceOrientationLandscapeRight";
				LD_RUNPATH_SEARCH_PATHS = (
					"$(inherited)",
					"@executable_path/Frameworks",
				);
				MARKETING_VERSION = 1.0;
				OTHER_LDFLAGS = "$(inherited)";
				PRODUCT_BUNDLE_IDENTIFIER = "CSCI440.Meal-Budget-Planner";
				PRODUCT_NAME = "$(TARGET_NAME)";
				SWIFT_EMIT_LOC_STRINGS = YES;
				SWIFT_VERSION = 5.0;
				TARGETED_DEVICE_FAMILY = "1,2";
			};
			name = Release;
		};
		5A93795F2B76E0A1004A84EB /* Debug */ = {
			isa = XCBuildConfiguration;
			buildSettings = {
				ALWAYS_EMBED_SWIFT_STANDARD_LIBRARIES = YES;
				BUNDLE_LOADER = "$(TEST_HOST)";
				CODE_SIGN_STYLE = Automatic;
				CURRENT_PROJECT_VERSION = 1;
				GENERATE_INFOPLIST_FILE = YES;
				IPHONEOS_DEPLOYMENT_TARGET = 15.5;
				MARKETING_VERSION = 1.0;
				PRODUCT_BUNDLE_IDENTIFIER = "CSCI440.Meal-Budget-PlannerTests";
				PRODUCT_NAME = "$(TARGET_NAME)";
				SWIFT_EMIT_LOC_STRINGS = NO;
				SWIFT_VERSION = 5.0;
				TARGETED_DEVICE_FAMILY = "1,2";
				TEST_HOST = "$(BUILT_PRODUCTS_DIR)/Meal Budget Planner.app/Meal Budget Planner";
			};
			name = Debug;
		};
		5A9379602B76E0A1004A84EB /* Release */ = {
			isa = XCBuildConfiguration;
			buildSettings = {
				ALWAYS_EMBED_SWIFT_STANDARD_LIBRARIES = YES;
				BUNDLE_LOADER = "$(TEST_HOST)";
				CODE_SIGN_STYLE = Automatic;
				CURRENT_PROJECT_VERSION = 1;
				GENERATE_INFOPLIST_FILE = YES;
				IPHONEOS_DEPLOYMENT_TARGET = 15.5;
				MARKETING_VERSION = 1.0;
				PRODUCT_BUNDLE_IDENTIFIER = "CSCI440.Meal-Budget-PlannerTests";
				PRODUCT_NAME = "$(TARGET_NAME)";
				SWIFT_EMIT_LOC_STRINGS = NO;
				SWIFT_VERSION = 5.0;
				TARGETED_DEVICE_FAMILY = "1,2";
				TEST_HOST = "$(BUILT_PRODUCTS_DIR)/Meal Budget Planner.app/Meal Budget Planner";
			};
			name = Release;
		};
		5A9379622B76E0A1004A84EB /* Debug */ = {
			isa = XCBuildConfiguration;
			buildSettings = {
				ALWAYS_EMBED_SWIFT_STANDARD_LIBRARIES = YES;
				CODE_SIGN_STYLE = Automatic;
				CURRENT_PROJECT_VERSION = 1;
				GENERATE_INFOPLIST_FILE = YES;
				MARKETING_VERSION = 1.0;
				PRODUCT_BUNDLE_IDENTIFIER = "CSCI440.Meal-Budget-PlannerUITests";
				PRODUCT_NAME = "$(TARGET_NAME)";
				SWIFT_EMIT_LOC_STRINGS = NO;
				SWIFT_VERSION = 5.0;
				TARGETED_DEVICE_FAMILY = "1,2";
				TEST_TARGET_NAME = "Meal Budget Planner";
			};
			name = Debug;
		};
		5A9379632B76E0A1004A84EB /* Release */ = {
			isa = XCBuildConfiguration;
			buildSettings = {
				ALWAYS_EMBED_SWIFT_STANDARD_LIBRARIES = YES;
				CODE_SIGN_STYLE = Automatic;
				CURRENT_PROJECT_VERSION = 1;
				GENERATE_INFOPLIST_FILE = YES;
				MARKETING_VERSION = 1.0;
				PRODUCT_BUNDLE_IDENTIFIER = "CSCI440.Meal-Budget-PlannerUITests";
				PRODUCT_NAME = "$(TARGET_NAME)";
				SWIFT_EMIT_LOC_STRINGS = NO;
				SWIFT_VERSION = 5.0;
				TARGETED_DEVICE_FAMILY = "1,2";
				TEST_TARGET_NAME = "Meal Budget Planner";
			};
			name = Release;
		};
/* End XCBuildConfiguration section */

/* Begin XCConfigurationList section */
		5A9379322B76E09E004A84EB /* Build configuration list for PBXProject "Meal Budget Planner" */ = {
			isa = XCConfigurationList;
			buildConfigurations = (
				5A9379592B76E0A1004A84EB /* Debug */,
				5A93795A2B76E0A1004A84EB /* Release */,
			);
			defaultConfigurationIsVisible = 0;
			defaultConfigurationName = Release;
		};
		5A93795B2B76E0A1004A84EB /* Build configuration list for PBXNativeTarget "Meal Budget Planner" */ = {
			isa = XCConfigurationList;
			buildConfigurations = (
				5A93795C2B76E0A1004A84EB /* Debug */,
				5A93795D2B76E0A1004A84EB /* Release */,
			);
			defaultConfigurationIsVisible = 0;
			defaultConfigurationName = Release;
		};
		5A93795E2B76E0A1004A84EB /* Build configuration list for PBXNativeTarget "Meal Budget PlannerTests" */ = {
			isa = XCConfigurationList;
			buildConfigurations = (
				5A93795F2B76E0A1004A84EB /* Debug */,
				5A9379602B76E0A1004A84EB /* Release */,
			);
			defaultConfigurationIsVisible = 0;
			defaultConfigurationName = Release;
		};
		5A9379612B76E0A1004A84EB /* Build configuration list for PBXNativeTarget "Meal Budget PlannerUITests" */ = {
			isa = XCConfigurationList;
			buildConfigurations = (
				5A9379622B76E0A1004A84EB /* Debug */,
				5A9379632B76E0A1004A84EB /* Release */,
			);
			defaultConfigurationIsVisible = 0;
			defaultConfigurationName = Release;
		};
/* End XCConfigurationList section */

/* Begin XCRemoteSwiftPackageReference section */
		5A94EFB72BC5171200792C4D /* XCRemoteSwiftPackageReference "firebase-ios-sdk" */ = {
			isa = XCRemoteSwiftPackageReference;
			repositoryURL = "https://github.com/firebase/firebase-ios-sdk";
			requirement = {
				kind = upToNextMajorVersion;
				minimumVersion = 10.21.0;
			};
		};
/* End XCRemoteSwiftPackageReference section */

/* Begin XCSwiftPackageProductDependency section */
		5A94EFB82BC51C6E00792C4D /* FirebaseAnalytics */ = {
			isa = XCSwiftPackageProductDependency;
			productName = FirebaseAnalytics;
		};
		5A94EFC42BC51C6E00792C4D /* FirebaseAuth */ = {
			isa = XCSwiftPackageProductDependency;
			productName = FirebaseAuth;
		};
		5A94EFCA2BC51C6E00792C4D /* FirebaseDatabase */ = {
			isa = XCSwiftPackageProductDependency;
			productName = FirebaseDatabase;
		};
		5A94EFCC2BC51C6E00792C4D /* FirebaseDatabaseSwift */ = {
			isa = XCSwiftPackageProductDependency;
			productName = FirebaseDatabaseSwift;
		};
/* End XCSwiftPackageProductDependency section */
	};
	rootObject = 5A93792F2B76E09E004A84EB /* Project object */;
}
